// !$*UTF8*$!
{
	archiveVersion = 1;
	classes = {
	};
	objectVersion = 46;
	objects = {

/* Begin PBXBuildFile section */
		09C6B925204A0F54007EAC26 /* UIKit.framework in Frameworks */ = {isa = PBXBuildFile; fileRef = 09C6B924204A0F54007EAC26 /* UIKit.framework */; };
		09C6B927204A0F54007EAC26 /* Foundation.framework in Frameworks */ = {isa = PBXBuildFile; fileRef = 09C6B926204A0F54007EAC26 /* Foundation.framework */; };
		09C6B929204A0F54007EAC26 /* CoreGraphics.framework in Frameworks */ = {isa = PBXBuildFile; fileRef = 09C6B928204A0F54007EAC26 /* CoreGraphics.framework */; };
		09C6B995204A2614007EAC26 /* CFNetwork.framework in Frameworks */ = {isa = PBXBuildFile; fileRef = 09C6B994204A2614007EAC26 /* CFNetwork.framework */; };
		09C6B997204A261B007EAC26 /* Security.framework in Frameworks */ = {isa = PBXBuildFile; fileRef = 09C6B996204A261B007EAC26 /* Security.framework */; };
		2C11B4202AEAFA5000BE66F6 /* ImageIO.framework in Frameworks */ = {isa = PBXBuildFile; fileRef = 2C11B41F2AEAFA5000BE66F6 /* ImageIO.framework */; };
		2CEBF2982AE2FE2500EC7812 /* AVFoundation.framework in Frameworks */ = {isa = PBXBuildFile; fileRef = 2CEBF2972AE2FE2500EC7812 /* AVFoundation.framework */; };
		2CEBF29A2AE2FE4500EC7812 /* MediaPlayer.framework in Frameworks */ = {isa = PBXBuildFile; fileRef = 2CEBF2992AE2FE4500EC7812 /* MediaPlayer.framework */; };
		2CF920112AF7F17B00249D6A /* QuickLook.framework in Frameworks */ = {isa = PBXBuildFile; fileRef = 2CF920102AF7F17B00249D6A /* QuickLook.framework */; };
		2CF9205D2B02CAB700249D6A /* AssetsLibrary.framework in Frameworks */ = {isa = PBXBuildFile; fileRef = 2CF9205C2B02CAB700249D6A /* AssetsLibrary.framework */; };
		5B21047C2D185402005B9596 /* Settings.bundle in Resources */ = {isa = PBXBuildFile; fileRef = 5B21047A2D185402005B9596 /* Settings.bundle */; };
		5B2104A32D185409005B9596 /* APLSlideMenuSegue.m in Sources */ = {isa = PBXBuildFile; fileRef = 5B2104802D185409005B9596 /* APLSlideMenuSegue.m */; };
		5B2104A42D185409005B9596 /* APLSlideMenuViewController.m in Sources */ = {isa = PBXBuildFile; fileRef = 5B2104822D185409005B9596 /* APLSlideMenuViewController.m */; };
		5B2104A52D185409005B9596 /* BButton.m in Sources */ = {isa = PBXBuildFile; fileRef = 5B2104852D185409005B9596 /* BButton.m */; };
		5B2104A62D185409005B9596 /* NSString+FontAwesome.m in Sources */ = {isa = PBXBuildFile; fileRef = 5B2104872D185409005B9596 /* NSString+FontAwesome.m */; };
		5B2104A72D185409005B9596 /* FontAwesome.ttf in Resources */ = {isa = PBXBuildFile; fileRef = 5B2104892D185409005B9596 /* FontAwesome.ttf */; };
		5B2104A82D185409005B9596 /* UIColor+BButton.m in Sources */ = {isa = PBXBuildFile; fileRef = 5B21048B2D185409005B9596 /* UIColor+BButton.m */; };
		5B2104A92D18540A005B9596 /* emoji.json in Resources */ = {isa = PBXBuildFile; fileRef = 5B21048D2D185409005B9596 /* emoji.json */; };
		5B2104AA2D18540A005B9596 /* NSString+Emojize.m in Sources */ = {isa = PBXBuildFile; fileRef = 5B21048F2D185409005B9596 /* NSString+Emojize.m */; };
		5B2104AB2D18540A005B9596 /* UIImage+animatedGIF.m in Sources */ = {isa = PBXBuildFile; fileRef = 5B2104922D185409005B9596 /* UIImage+animatedGIF.m */; };
		5B2104AC2D18540A005B9596 /* TRMalleableFrameView.m in Sources */ = {isa = PBXBuildFile; fileRef = 5B2104962D185409005B9596 /* TRMalleableFrameView.m */; };
		5B2104AD2D18540A005B9596 /* NSString+Base64.m in Sources */ = {isa = PBXBuildFile; fileRef = 5B2104992D185409005B9596 /* NSString+Base64.m */; };
		5B2104AE2D18540A005B9596 /* WSFrame.m in Sources */ = {isa = PBXBuildFile; fileRef = 5B21049B2D185409005B9596 /* WSFrame.m */; };
		5B2104AF2D18540A005B9596 /* WSMessage.m in Sources */ = {isa = PBXBuildFile; fileRef = 5B21049D2D185409005B9596 /* WSMessage.m */; };
		5B2104B02D18540A005B9596 /* WSMessageProcessor.m in Sources */ = {isa = PBXBuildFile; fileRef = 5B21049F2D185409005B9596 /* WSMessageProcessor.m */; };
		5B2104B12D18540A005B9596 /* WSWebSocket.m in Sources */ = {isa = PBXBuildFile; fileRef = 5B2104A22D185409005B9596 /* WSWebSocket.m */; };
		5B2104B42D185680005B9596 /* Storyboard.storyboard in Resources */ = {isa = PBXBuildFile; fileRef = 5B2104B32D185680005B9596 /* Storyboard.storyboard */; };
		5B2104BA2D1856A7005B9596 /* DCChatGroupedTableCell.xib in Resources */ = {isa = PBXBuildFile; fileRef = 5B2104B62D1856A7005B9596 /* DCChatGroupedTableCell.xib */; };
		5B2104BB2D1856A7005B9596 /* DCChatReplyTableCell.xib in Resources */ = {isa = PBXBuildFile; fileRef = 5B2104B72D1856A7005B9596 /* DCChatReplyTableCell.xib */; };
		5B2104BC2D1856A7005B9596 /* DCChatTableCell.xib in Resources */ = {isa = PBXBuildFile; fileRef = 5B2104B82D1856A7005B9596 /* DCChatTableCell.xib */; };
		5B2104BD2D1856A7005B9596 /* DCChatVideoAttachment.xib in Resources */ = {isa = PBXBuildFile; fileRef = 5B2104B92D1856A7005B9596 /* DCChatVideoAttachment.xib */; };
		5B21050D2D1856E5005B9596 /* Border.png in Resources */ = {isa = PBXBuildFile; fileRef = 5B2104C02D1856E5005B9596 /* Border.png */; };
		5B21050E2D1856E5005B9596 /* Border@2x.png in Resources */ = {isa = PBXBuildFile; fileRef = 5B2104C12D1856E5005B9596 /* Border@2x.png */; };
		5B21050F2D1856E5005B9596 /* No-header.png in Resources */ = {isa = PBXBuildFile; fileRef = 5B2104C22D1856E5005B9596 /* No-header.png */; };
		5B2105102D1856E5005B9596 /* No-Header@2x.png in Resources */ = {isa = PBXBuildFile; fileRef = 5B2104C32D1856E5005B9596 /* No-Header@2x.png */; };
		5B2105112D1856E5005B9596 /* addbarglyph.png in Resources */ = {isa = PBXBuildFile; fileRef = 5B2104C52D1856E5005B9596 /* addbarglyph.png */; };
		5B2105122D1856E5005B9596 /* addbarglyph@2x.png in Resources */ = {isa = PBXBuildFile; fileRef = 5B2104C62D1856E5005B9596 /* addbarglyph@2x.png */; };
		5B2105132D1856E5005B9596 /* CBarButtonMap.png in Resources */ = {isa = PBXBuildFile; fileRef = 5B2104C72D1856E5005B9596 /* CBarButtonMap.png */; };
		5B2105142D1856E5005B9596 /* CBarButtonMap@2x.png in Resources */ = {isa = PBXBuildFile; fileRef = 5B2104C82D1856E5005B9596 /* CBarButtonMap@2x.png */; };
		5B2105152D1856E5005B9596 /* Home@2x.png in Resources */ = {isa = PBXBuildFile; fileRef = 5B2104C92D1856E5005B9596 /* Home@2x.png */; };
		5B2105162D1856E5005B9596 /* preferences.png in Resources */ = {isa = PBXBuildFile; fileRef = 5B2104CA2D1856E5005B9596 /* preferences.png */; };
		5B2105172D1856E5005B9596 /* preferences@2x.png in Resources */ = {isa = PBXBuildFile; fileRef = 5B2104CB2D1856E5005B9596 /* preferences@2x.png */; };
		5B2105182D1856E5005B9596 /* Send.png in Resources */ = {isa = PBXBuildFile; fileRef = 5B2104CC2D1856E5005B9596 /* Send.png */; };
		5B2105192D1856E5005B9596 /* Send@2x.png in Resources */ = {isa = PBXBuildFile; fileRef = 5B2104CD2D1856E5005B9596 /* Send@2x.png */; };
		5B21051A2D1856E5005B9596 /* Sidebar_glyph.png in Resources */ = {isa = PBXBuildFile; fileRef = 5B2104CE2D1856E5005B9596 /* Sidebar_glyph.png */; };
		5B21051B2D1856E5005B9596 /* Sidebar_glyph@2x.png in Resources */ = {isa = PBXBuildFile; fileRef = 5B2104CF2D1856E5005B9596 /* Sidebar_glyph@2x.png */; };
		5B21051C2D1856E5005B9596 /* BarButton.png in Resources */ = {isa = PBXBuildFile; fileRef = 5B2104D12D1856E5005B9596 /* BarButton.png */; };
		5B21051D2D1856E5005B9596 /* BarButton@2x.png in Resources */ = {isa = PBXBuildFile; fileRef = 5B2104D22D1856E5005B9596 /* BarButton@2x.png */; };
		5B21051E2D1856E5005B9596 /* BarButtonPressed.png in Resources */ = {isa = PBXBuildFile; fileRef = 5B2104D32D1856E5005B9596 /* BarButtonPressed.png */; };
		5B21051F2D1856E5005B9596 /* BarButtonPressed@2x.png in Resources */ = {isa = PBXBuildFile; fileRef = 5B2104D42D1856E5005B9596 /* BarButtonPressed@2x.png */; };
		5B2105202D1856E5005B9596 /* NavigationButton.png in Resources */ = {isa = PBXBuildFile; fileRef = 5B2104D52D1856E5005B9596 /* NavigationButton.png */; };
		5B2105212D1856E5005B9596 /* NavigationButton@2x.png in Resources */ = {isa = PBXBuildFile; fileRef = 5B2104D62D1856E5005B9596 /* NavigationButton@2x.png */; };
		5B2105222D1856E5005B9596 /* NavigationButtonPressed.png in Resources */ = {isa = PBXBuildFile; fileRef = 5B2104D72D1856E5005B9596 /* NavigationButtonPressed.png */; };
		5B2105232D1856E5005B9596 /* NavigationButtonPressed@2x.png in Resources */ = {isa = PBXBuildFile; fileRef = 5B2104D82D1856E5005B9596 /* NavigationButtonPressed@2x.png */; };
		5B2105242D1856E5005B9596 /* DefaultAvatar0.png in Resources */ = {isa = PBXBuildFile; fileRef = 5B2104DA2D1856E5005B9596 /* DefaultAvatar0.png */; };
		5B2105252D1856E5005B9596 /* DefaultAvatar0@2x.png in Resources */ = {isa = PBXBuildFile; fileRef = 5B2104DB2D1856E5005B9596 /* DefaultAvatar0@2x.png */; };
		5B2105262D1856E5005B9596 /* DefaultAvatar1.png in Resources */ = {isa = PBXBuildFile; fileRef = 5B2104DC2D1856E5005B9596 /* DefaultAvatar1.png */; };
		5B2105272D1856E5005B9596 /* DefaultAvatar1@2x.png in Resources */ = {isa = PBXBuildFile; fileRef = 5B2104DD2D1856E5005B9596 /* DefaultAvatar1@2x.png */; };
		5B2105282D1856E5005B9596 /* DefaultAvatar2.png in Resources */ = {isa = PBXBuildFile; fileRef = 5B2104DE2D1856E5005B9596 /* DefaultAvatar2.png */; };
		5B2105292D1856E5005B9596 /* DefaultAvatar2@2x.png in Resources */ = {isa = PBXBuildFile; fileRef = 5B2104DF2D1856E5005B9596 /* DefaultAvatar2@2x.png */; };
		5B21052A2D1856E5005B9596 /* DefaultAvatar3.png in Resources */ = {isa = PBXBuildFile; fileRef = 5B2104E02D1856E5005B9596 /* DefaultAvatar3.png */; };
		5B21052B2D1856E5005B9596 /* DefaultAvatar3@2x.png in Resources */ = {isa = PBXBuildFile; fileRef = 5B2104E12D1856E5005B9596 /* DefaultAvatar3@2x.png */; };
		5B21052C2D1856E5005B9596 /* DefaultAvatar4.png in Resources */ = {isa = PBXBuildFile; fileRef = 5B2104E22D1856E5005B9596 /* DefaultAvatar4.png */; };
		5B21052D2D1856E5005B9596 /* DefaultAvatar4@2x.png in Resources */ = {isa = PBXBuildFile; fileRef = 5B2104E32D1856E5005B9596 /* DefaultAvatar4@2x.png */; };
		5B21052E2D1856E5005B9596 /* DefaultAvatar5.png in Resources */ = {isa = PBXBuildFile; fileRef = 5B2104E42D1856E5005B9596 /* DefaultAvatar5.png */; };
		5B21052F2D1856E5005B9596 /* DefaultAvatar5@2x.png in Resources */ = {isa = PBXBuildFile; fileRef = 5B2104E52D1856E5005B9596 /* DefaultAvatar5@2x.png */; };
		5B2105302D1856E5005B9596 /* Default-568h@2x.png in Resources */ = {isa = PBXBuildFile; fileRef = 5B2104E72D1856E5005B9596 /* Default-568h@2x.png */; };
		5B2105312D1856E5005B9596 /* border.png in Resources */ = {isa = PBXBuildFile; fileRef = 5B2104E92D1856E5005B9596 /* border.png */; };
		5B2105322D1856E5005B9596 /* DirectMessages.png in Resources */ = {isa = PBXBuildFile; fileRef = 5B2104EA2D1856E5005B9596 /* DirectMessages.png */; };
		5B2105332D1856E5005B9596 /* DirectMessages@2x.png in Resources */ = {isa = PBXBuildFile; fileRef = 5B2104EB2D1856E5005B9596 /* DirectMessages@2x.png */; };
		5B2105342D1856E5005B9596 /* menu.png in Resources */ = {isa = PBXBuildFile; fileRef = 5B2104EC2D1856E5005B9596 /* menu.png */; };
		5B2105352D1856E5005B9596 /* menu@2x.png in Resources */ = {isa = PBXBuildFile; fileRef = 5B2104ED2D1856E5005B9596 /* menu@2x.png */; };
		5B2105362D1856E5005B9596 /* Sar izmeli Mehmet Aa.mp3 in Resources */ = {isa = PBXBuildFile; fileRef = 5B2104EE2D1856E5005B9596 /* Sar izmeli Mehmet Aa.mp3 */; };
		5B2105372D1856E5005B9596 /* ServerBanner.png in Resources */ = {isa = PBXBuildFile; fileRef = 5B2104EF2D1856E5005B9596 /* ServerBanner.png */; };
		5B2105382D1856E5005B9596 /* TopLogo.png in Resources */ = {isa = PBXBuildFile; fileRef = 5B2104F02D1856E5005B9596 /* TopLogo.png */; };
		5B2105392D1856E5005B9596 /* TopLogo@2x.png in Resources */ = {isa = PBXBuildFile; fileRef = 5B2104F12D1856E5005B9596 /* TopLogo@2x.png */; };
		5B21053A2D1856E5005B9596 /* PLVideoOverlayPlay.png in Resources */ = {isa = PBXBuildFile; fileRef = 5B2104F22D1856E5005B9596 /* PLVideoOverlayPlay.png */; };
		5B21053B2D1856E5005B9596 /* PLVideoOverlayPlay@2x.png in Resources */ = {isa = PBXBuildFile; fileRef = 5B2104F32D1856E5005B9596 /* PLVideoOverlayPlay@2x.png */; };
		5B21053C2D1856E5005B9596 /* PLVideoOverlayPlayDown.png in Resources */ = {isa = PBXBuildFile; fileRef = 5B2104F42D1856E5005B9596 /* PLVideoOverlayPlayDown.png */; };
		5B21053D2D1856E5005B9596 /* PLVideoOverlayPlayDown@2x.png in Resources */ = {isa = PBXBuildFile; fileRef = 5B2104F52D1856E5005B9596 /* PLVideoOverlayPlayDown@2x.png */; };
		5B21053E2D1856E5005B9596 /* reply.png in Resources */ = {isa = PBXBuildFile; fileRef = 5B2104F62D1856E5005B9596 /* reply.png */; };
		5B21053F2D1856E5005B9596 /* DirectMessages.png in Resources */ = {isa = PBXBuildFile; fileRef = 5B2104F82D1856E5005B9596 /* DirectMessages.png */; };
		5B2105402D1856E5005B9596 /* DirectMessages@2x.png in Resources */ = {isa = PBXBuildFile; fileRef = 5B2104F92D1856E5005B9596 /* DirectMessages@2x.png */; };
		5B2105412D1856E5005B9596 /* bag-xml.png in Resources */ = {isa = PBXBuildFile; fileRef = 5B2104FB2D1856E5005B9596 /* bag-xml.png */; };
		5B2105422D1856E5005B9596 /* commandbar-bg.png in Resources */ = {isa = PBXBuildFile; fileRef = 5B2104FC2D1856E5005B9596 /* commandbar-bg.png */; };
		5B2105432D1856E5005B9596 /* commandbar-bg@2x.png in Resources */ = {isa = PBXBuildFile; fileRef = 5B2104FD2D1856E5005B9596 /* commandbar-bg@2x.png */; };
		5B2105442D1856E5005B9596 /* ContactsBar.png in Resources */ = {isa = PBXBuildFile; fileRef = 5B2104FE2D1856E5005B9596 /* ContactsBar.png */; };
		5B2105452D1856E5005B9596 /* ContactsBar@2x.png in Resources */ = {isa = PBXBuildFile; fileRef = 5B2104FF2D1856E5005B9596 /* ContactsBar@2x.png */; };
		5B2105462D1856E5005B9596 /* DescIntroducer.png in Resources */ = {isa = PBXBuildFile; fileRef = 5B2105002D1856E5005B9596 /* DescIntroducer.png */; };
		5B2105472D1856E5005B9596 /* DescIntroducer@2x.png in Resources */ = {isa = PBXBuildFile; fileRef = 5B2105012D1856E5005B9596 /* DescIntroducer@2x.png */; };
		5B2105482D1856E5005B9596 /* Discord.png in Resources */ = {isa = PBXBuildFile; fileRef = 5B2105022D1856E5005B9596 /* Discord.png */; };
		5B2105492D1856E5005B9596 /* WelcomeBanner.png in Resources */ = {isa = PBXBuildFile; fileRef = 5B2105032D1856E5005B9596 /* WelcomeBanner.png */; };
		5B21054A2D1856E5005B9596 /* separator.png in Resources */ = {isa = PBXBuildFile; fileRef = 5B2105042D1856E5005B9596 /* separator.png */; };
		5B21054B2D1856E5005B9596 /* TbarBG.png in Resources */ = {isa = PBXBuildFile; fileRef = 5B2105062D1856E5005B9596 /* TbarBG.png */; };
		5B21054C2D1856E5005B9596 /* TbarBG@2x.png in Resources */ = {isa = PBXBuildFile; fileRef = 5B2105072D1856E5005B9596 /* TbarBG@2x.png */; };
		5B21054D2D1856E5005B9596 /* ToolbarBG.png in Resources */ = {isa = PBXBuildFile; fileRef = 5B2105092D1856E5005B9596 /* ToolbarBG.png */; };
		5B21054E2D1856E5005B9596 /* ToolbarBG@2x.png in Resources */ = {isa = PBXBuildFile; fileRef = 5B21050A2D1856E5005B9596 /* ToolbarBG@2x.png */; };
		5B21054F2D1856E5005B9596 /* Video-play-button.png in Resources */ = {isa = PBXBuildFile; fileRef = 5B21050B2D1856E5005B9596 /* Video-play-button.png */; };
		5B2105502D1856E5005B9596 /* Video-play-button@2x.png in Resources */ = {isa = PBXBuildFile; fileRef = 5B21050C2D1856E5005B9596 /* Video-play-button@2x.png */; };
		5B2105522D18570D005B9596 /* Contactback.PNG in Resources */ = {isa = PBXBuildFile; fileRef = 5B2105512D18570D005B9596 /* Contactback.PNG */; };
		5B2105552D185735005B9596 /* Images.xcassets in Resources */ = {isa = PBXBuildFile; fileRef = 5B2105542D185735005B9596 /* Images.xcassets */; };
		5B2105592D185794005B9596 /* Info.plist in Resources */ = {isa = PBXBuildFile; fileRef = 5B2105582D185794005B9596 /* Info.plist */; };
		5B2105912D185B10005B9596 /* DCChannel.m in Sources */ = {isa = PBXBuildFile; fileRef = 5B21055D2D185B10005B9596 /* DCChannel.m */; };
		5B2105922D185B10005B9596 /* DCGuild.m in Sources */ = {isa = PBXBuildFile; fileRef = 5B21055F2D185B10005B9596 /* DCGuild.m */; };
		5B2105932D185B10005B9596 /* DCMessage.m in Sources */ = {isa = PBXBuildFile; fileRef = 5B2105612D185B10005B9596 /* DCMessage.m */; };
		5B2105942D185B10005B9596 /* DCServerCommunicator.m in Sources */ = {isa = PBXBuildFile; fileRef = 5B2105632D185B10005B9596 /* DCServerCommunicator.m */; };
		5B2105952D185B10005B9596 /* DCTools.m in Sources */ = {isa = PBXBuildFile; fileRef = 5B2105652D185B10005B9596 /* DCTools.m */; };
		5B2105962D185B10005B9596 /* DCUser.m in Sources */ = {isa = PBXBuildFile; fileRef = 5B2105672D185B10005B9596 /* DCUser.m */; };
		5B2105972D185B10005B9596 /* DCChatTableCell.m in Sources */ = {isa = PBXBuildFile; fileRef = 5B21056A2D185B10005B9596 /* DCChatTableCell.m */; };
		5B2105982D185B10005B9596 /* DCChatVideoAttachment.m in Sources */ = {isa = PBXBuildFile; fileRef = 5B21056C2D185B10005B9596 /* DCChatVideoAttachment.m */; };
		5B2105992D185B10005B9596 /* DCAppDelegate.m in Sources */ = {isa = PBXBuildFile; fileRef = 5B21056F2D185B10005B9596 /* DCAppDelegate.m */; };
		5B21059A2D185B10005B9596 /* DCViewController.m in Sources */ = {isa = PBXBuildFile; fileRef = 5B2105732D185B10005B9596 /* DCViewController.m */; };
		5B21059B2D185B10005B9596 /* DCChatViewController.m in Sources */ = {isa = PBXBuildFile; fileRef = 5B2105762D185B10005B9596 /* DCChatViewController.m */; };
		5B21059C2D185B10005B9596 /* DCChannelListViewController.m in Sources */ = {isa = PBXBuildFile; fileRef = 5B2105792D185B10005B9596 /* DCChannelListViewController.m */; };
		5B21059D2D185B10005B9596 /* DCGuildListViewController.m in Sources */ = {isa = PBXBuildFile; fileRef = 5B21057B2D185B10005B9596 /* DCGuildListViewController.m */; };
		5B21059E2D185B10005B9596 /* DCMenuViewController.m in Sources */ = {isa = PBXBuildFile; fileRef = 5B21057D2D185B10005B9596 /* DCMenuViewController.m */; };
		5B21059F2D185B10005B9596 /* DCImageViewController.m in Sources */ = {isa = PBXBuildFile; fileRef = 5B2105802D185B10005B9596 /* DCImageViewController.m */; };
		5B2105A02D185B10005B9596 /* DCInfoPageViewController.m in Sources */ = {isa = PBXBuildFile; fileRef = 5B2105832D185B10005B9596 /* DCInfoPageViewController.m */; };
		5B2105A12D185B10005B9596 /* DCCInfoViewController.m in Sources */ = {isa = PBXBuildFile; fileRef = 5B2105862D185B10005B9596 /* DCCInfoViewController.m */; };
		5B2105A22D185B10005B9596 /* DCContactViewController.m in Sources */ = {isa = PBXBuildFile; fileRef = 5B2105882D185B10005B9596 /* DCContactViewController.m */; };
		5B2105A32D185B10005B9596 /* DCSettingsViewController.m in Sources */ = {isa = PBXBuildFile; fileRef = 5B21058B2D185B10005B9596 /* DCSettingsViewController.m */; };
		5B2105A42D185B10005B9596 /* DCIntroductionPage.m in Sources */ = {isa = PBXBuildFile; fileRef = 5B21058E2D185B10005B9596 /* DCIntroductionPage.m */; };
		5B2105A52D185B10005B9596 /* DCWelcomeController.m in Sources */ = {isa = PBXBuildFile; fileRef = 5B2105902D185B10005B9596 /* DCWelcomeController.m */; };
		5B2105A92D185BD3005B9596 /* main.m in Sources */ = {isa = PBXBuildFile; fileRef = 5B2105A82D185BD3005B9596 /* main.m */; };
		5B2105AB2D185CDC005B9596 /* iOS-7.storyboard in Resources */ = {isa = PBXBuildFile; fileRef = 5B2105AA2D185CDC005B9596 /* iOS-7.storyboard */; };
		5B2105B62D1861DE005B9596 /* DCMissedCallCell.xib in Resources */ = {isa = PBXBuildFile; fileRef = 5B2105B52D1861DE005B9596 /* DCMissedCallCell.xib */; };
		5B2105B92D186432005B9596 /* TestCallEmbed.png in Resources */ = {isa = PBXBuildFile; fileRef = 5B2105B82D186431005B9596 /* TestCallEmbed.png */; };
		5B2105BC2D1896F7005B9596 /* Sample in Resources */ = {isa = PBXBuildFile; fileRef = 5B2105BB2D1896F7005B9596 /* Sample */; };
		5B2105BF2D18B498005B9596 /* DCRecipientTableCell.m in Sources */ = {isa = PBXBuildFile; fileRef = 5B2105BE2D18B498005B9596 /* DCRecipientTableCell.m */; };
		5B2105C22D18C116005B9596 /* DCGuildTableViewCell.m in Sources */ = {isa = PBXBuildFile; fileRef = 5B2105C12D18C116005B9596 /* DCGuildTableViewCell.m */; };
		5B3890DB2D1C53CB002D3BBE /* GuildIconBase.png in Resources */ = {isa = PBXBuildFile; fileRef = 5B3890DA2D1C53CB002D3BBE /* GuildIconBase.png */; };
		5B3890DD2D1C54D8002D3BBE /* GuildIconBaseSelected.png in Resources */ = {isa = PBXBuildFile; fileRef = 5B3890DC2D1C54D8002D3BBE /* GuildIconBaseSelected.png */; };
		5B3890E12D1C7A11002D3BBE /* pfpOverlay.png in Resources */ = {isa = PBXBuildFile; fileRef = 5B3890DF2D1C7A11002D3BBE /* pfpOverlay.png */; };
		5B3890E22D1C7A11002D3BBE /* pfpOverlay@2x.png in Resources */ = {isa = PBXBuildFile; fileRef = 5B3890E02D1C7A11002D3BBE /* pfpOverlay@2x.png */; };
		5BAE842B2D1C84AE00C021F9 /* UIColorHex.m in Sources */ = {isa = PBXBuildFile; fileRef = 5BAE842A2D1C84AE00C021F9 /* UIColorHex.m */; };
		5BB5D7362D19545B00C54C0A /* privateGuildLogo.png in Resources */ = {isa = PBXBuildFile; fileRef = 5BB5D7342D19545B00C54C0A /* privateGuildLogo.png */; };
		5BB5D7372D19545B00C54C0A /* privateGuildLogo@2x.png in Resources */ = {isa = PBXBuildFile; fileRef = 5BB5D7352D19545B00C54C0A /* privateGuildLogo@2x.png */; };
		5BB5D73A2D1956F700C54C0A /* bannerTopShadow.png in Resources */ = {isa = PBXBuildFile; fileRef = 5BB5D7382D1956F700C54C0A /* bannerTopShadow.png */; };
		5BB5D73B2D1956F700C54C0A /* bannerTopShadow@2x.png in Resources */ = {isa = PBXBuildFile; fileRef = 5BB5D7392D1956F700C54C0A /* bannerTopShadow@2x.png */; };
		5BB5D73E2D19582700C54C0A /* bannerBottomShadow.png in Resources */ = {isa = PBXBuildFile; fileRef = 5BB5D73C2D19582700C54C0A /* bannerBottomShadow.png */; };
		5BB5D73F2D19582700C54C0A /* bannerBottomShadow@2x.png in Resources */ = {isa = PBXBuildFile; fileRef = 5BB5D73D2D19582700C54C0A /* bannerBottomShadow@2x.png */; };
		5BB5D7432D195B3400C54C0A /* newMessages.png in Resources */ = {isa = PBXBuildFile; fileRef = 5BB5D7412D195B3400C54C0A /* newMessages.png */; };
		5BB5D7442D195B3400C54C0A /* newMessages@2x.png in Resources */ = {isa = PBXBuildFile; fileRef = 5BB5D7422D195B3400C54C0A /* newMessages@2x.png */; };
		5BB5D7472D195E6400C54C0A /* DCChannelViewCell.m in Sources */ = {isa = PBXBuildFile; fileRef = 5BB5D7462D195E6400C54C0A /* DCChannelViewCell.m */; };
/* End PBXBuildFile section */

/* Begin PBXFileReference section */
		09C6B924204A0F54007EAC26 /* UIKit.framework */ = {isa = PBXFileReference; lastKnownFileType = wrapper.framework; name = UIKit.framework; path = System/Library/Frameworks/UIKit.framework; sourceTree = SDKROOT; };
		09C6B926204A0F54007EAC26 /* Foundation.framework */ = {isa = PBXFileReference; lastKnownFileType = wrapper.framework; name = Foundation.framework; path = System/Library/Frameworks/Foundation.framework; sourceTree = SDKROOT; };
		09C6B928204A0F54007EAC26 /* CoreGraphics.framework */ = {isa = PBXFileReference; lastKnownFileType = wrapper.framework; name = CoreGraphics.framework; path = System/Library/Frameworks/CoreGraphics.framework; sourceTree = SDKROOT; };
		09C6B945204A0F55007EAC26 /* SenTestingKit.framework */ = {isa = PBXFileReference; lastKnownFileType = wrapper.framework; name = SenTestingKit.framework; path = Library/Frameworks/SenTestingKit.framework; sourceTree = DEVELOPER_DIR; };
		09C6B994204A2614007EAC26 /* CFNetwork.framework */ = {isa = PBXFileReference; lastKnownFileType = wrapper.framework; name = CFNetwork.framework; path = System/Library/Frameworks/CFNetwork.framework; sourceTree = SDKROOT; };
		09C6B996204A261B007EAC26 /* Security.framework */ = {isa = PBXFileReference; lastKnownFileType = wrapper.framework; name = Security.framework; path = System/Library/Frameworks/Security.framework; sourceTree = SDKROOT; };
		2C11B41F2AEAFA5000BE66F6 /* ImageIO.framework */ = {isa = PBXFileReference; lastKnownFileType = wrapper.framework; name = ImageIO.framework; path = System/Library/Frameworks/ImageIO.framework; sourceTree = SDKROOT; };
		2CEBF2972AE2FE2500EC7812 /* AVFoundation.framework */ = {isa = PBXFileReference; lastKnownFileType = wrapper.framework; name = AVFoundation.framework; path = System/Library/Frameworks/AVFoundation.framework; sourceTree = SDKROOT; };
		2CEBF2992AE2FE4500EC7812 /* MediaPlayer.framework */ = {isa = PBXFileReference; lastKnownFileType = wrapper.framework; name = MediaPlayer.framework; path = System/Library/Frameworks/MediaPlayer.framework; sourceTree = SDKROOT; };
		2CF920102AF7F17B00249D6A /* QuickLook.framework */ = {isa = PBXFileReference; lastKnownFileType = wrapper.framework; name = QuickLook.framework; path = System/Library/Frameworks/QuickLook.framework; sourceTree = SDKROOT; };
		2CF9205C2B02CAB700249D6A /* AssetsLibrary.framework */ = {isa = PBXFileReference; lastKnownFileType = wrapper.framework; name = AssetsLibrary.framework; path = System/Library/Frameworks/AssetsLibrary.framework; sourceTree = SDKROOT; };
		5B21047A2D185402005B9596 /* Settings.bundle */ = {isa = PBXFileReference; lastKnownFileType = "wrapper.plug-in"; path = Settings.bundle; sourceTree = "<group>"; };
		5B21047F2D185409005B9596 /* APLSlideMenuSegue.h */ = {isa = PBXFileReference; fileEncoding = 4; lastKnownFileType = sourcecode.c.h; path = APLSlideMenuSegue.h; sourceTree = "<group>"; };
		5B2104802D185409005B9596 /* APLSlideMenuSegue.m */ = {isa = PBXFileReference; fileEncoding = 4; lastKnownFileType = sourcecode.c.objc; path = APLSlideMenuSegue.m; sourceTree = "<group>"; };
		5B2104812D185409005B9596 /* APLSlideMenuViewController.h */ = {isa = PBXFileReference; fileEncoding = 4; lastKnownFileType = sourcecode.c.h; path = APLSlideMenuViewController.h; sourceTree = "<group>"; };
		5B2104822D185409005B9596 /* APLSlideMenuViewController.m */ = {isa = PBXFileReference; fileEncoding = 4; lastKnownFileType = sourcecode.c.objc; path = APLSlideMenuViewController.m; sourceTree = "<group>"; };
		5B2104842D185409005B9596 /* BButton.h */ = {isa = PBXFileReference; fileEncoding = 4; lastKnownFileType = sourcecode.c.h; path = BButton.h; sourceTree = "<group>"; };
		5B2104852D185409005B9596 /* BButton.m */ = {isa = PBXFileReference; fileEncoding = 4; lastKnownFileType = sourcecode.c.objc; path = BButton.m; sourceTree = "<group>"; };
		5B2104862D185409005B9596 /* NSString+FontAwesome.h */ = {isa = PBXFileReference; fileEncoding = 4; lastKnownFileType = sourcecode.c.h; path = "NSString+FontAwesome.h"; sourceTree = "<group>"; };
		5B2104872D185409005B9596 /* NSString+FontAwesome.m */ = {isa = PBXFileReference; fileEncoding = 4; lastKnownFileType = sourcecode.c.objc; path = "NSString+FontAwesome.m"; sourceTree = "<group>"; };
		5B2104892D185409005B9596 /* FontAwesome.ttf */ = {isa = PBXFileReference; lastKnownFileType = file; path = FontAwesome.ttf; sourceTree = "<group>"; };
		5B21048A2D185409005B9596 /* UIColor+BButton.h */ = {isa = PBXFileReference; fileEncoding = 4; lastKnownFileType = sourcecode.c.h; path = "UIColor+BButton.h"; sourceTree = "<group>"; };
		5B21048B2D185409005B9596 /* UIColor+BButton.m */ = {isa = PBXFileReference; fileEncoding = 4; lastKnownFileType = sourcecode.c.objc; path = "UIColor+BButton.m"; sourceTree = "<group>"; };
		5B21048D2D185409005B9596 /* emoji.json */ = {isa = PBXFileReference; fileEncoding = 4; lastKnownFileType = text.json; path = emoji.json; sourceTree = "<group>"; };
		5B21048E2D185409005B9596 /* NSString+Emojize.h */ = {isa = PBXFileReference; fileEncoding = 4; lastKnownFileType = sourcecode.c.h; path = "NSString+Emojize.h"; sourceTree = "<group>"; };
		5B21048F2D185409005B9596 /* NSString+Emojize.m */ = {isa = PBXFileReference; fileEncoding = 4; lastKnownFileType = sourcecode.c.objc; path = "NSString+Emojize.m"; sourceTree = "<group>"; };
		5B2104912D185409005B9596 /* UIImage+animatedGIF.h */ = {isa = PBXFileReference; fileEncoding = 4; lastKnownFileType = sourcecode.c.h; path = "UIImage+animatedGIF.h"; sourceTree = "<group>"; };
		5B2104922D185409005B9596 /* UIImage+animatedGIF.m */ = {isa = PBXFileReference; fileEncoding = 4; lastKnownFileType = sourcecode.c.objc; path = "UIImage+animatedGIF.m"; sourceTree = "<group>"; };
		5B2104952D185409005B9596 /* TRMalleableFrameView.h */ = {isa = PBXFileReference; fileEncoding = 4; lastKnownFileType = sourcecode.c.h; path = TRMalleableFrameView.h; sourceTree = "<group>"; };
		5B2104962D185409005B9596 /* TRMalleableFrameView.m */ = {isa = PBXFileReference; fileEncoding = 4; lastKnownFileType = sourcecode.c.objc; path = TRMalleableFrameView.m; sourceTree = "<group>"; };
		5B2104982D185409005B9596 /* NSString+Base64.h */ = {isa = PBXFileReference; fileEncoding = 4; lastKnownFileType = sourcecode.c.h; path = "NSString+Base64.h"; sourceTree = "<group>"; };
		5B2104992D185409005B9596 /* NSString+Base64.m */ = {isa = PBXFileReference; fileEncoding = 4; lastKnownFileType = sourcecode.c.objc; path = "NSString+Base64.m"; sourceTree = "<group>"; };
		5B21049A2D185409005B9596 /* WSFrame.h */ = {isa = PBXFileReference; fileEncoding = 4; lastKnownFileType = sourcecode.c.h; path = WSFrame.h; sourceTree = "<group>"; };
		5B21049B2D185409005B9596 /* WSFrame.m */ = {isa = PBXFileReference; fileEncoding = 4; lastKnownFileType = sourcecode.c.objc; path = WSFrame.m; sourceTree = "<group>"; };
		5B21049C2D185409005B9596 /* WSMessage.h */ = {isa = PBXFileReference; fileEncoding = 4; lastKnownFileType = sourcecode.c.h; path = WSMessage.h; sourceTree = "<group>"; };
		5B21049D2D185409005B9596 /* WSMessage.m */ = {isa = PBXFileReference; fileEncoding = 4; lastKnownFileType = sourcecode.c.objc; path = WSMessage.m; sourceTree = "<group>"; };
		5B21049E2D185409005B9596 /* WSMessageProcessor.h */ = {isa = PBXFileReference; fileEncoding = 4; lastKnownFileType = sourcecode.c.h; path = WSMessageProcessor.h; sourceTree = "<group>"; };
		5B21049F2D185409005B9596 /* WSMessageProcessor.m */ = {isa = PBXFileReference; fileEncoding = 4; lastKnownFileType = sourcecode.c.objc; path = WSMessageProcessor.m; sourceTree = "<group>"; };
		5B2104A02D185409005B9596 /* WSWebSocket-Prefix.pch */ = {isa = PBXFileReference; fileEncoding = 4; lastKnownFileType = sourcecode.c.h; path = "WSWebSocket-Prefix.pch"; sourceTree = "<group>"; };
		5B2104A12D185409005B9596 /* WSWebSocket.h */ = {isa = PBXFileReference; fileEncoding = 4; lastKnownFileType = sourcecode.c.h; path = WSWebSocket.h; sourceTree = "<group>"; };
		5B2104A22D185409005B9596 /* WSWebSocket.m */ = {isa = PBXFileReference; fileEncoding = 4; lastKnownFileType = sourcecode.c.objc; path = WSWebSocket.m; sourceTree = "<group>"; };
		5B2104B32D185680005B9596 /* Storyboard.storyboard */ = {isa = PBXFileReference; fileEncoding = 4; lastKnownFileType = file.storyboard; path = Storyboard.storyboard; sourceTree = "<group>"; };
		5B2104B62D1856A7005B9596 /* DCChatGroupedTableCell.xib */ = {isa = PBXFileReference; fileEncoding = 4; lastKnownFileType = file.xib; path = DCChatGroupedTableCell.xib; sourceTree = "<group>"; };
		5B2104B72D1856A7005B9596 /* DCChatReplyTableCell.xib */ = {isa = PBXFileReference; fileEncoding = 4; lastKnownFileType = file.xib; path = DCChatReplyTableCell.xib; sourceTree = "<group>"; };
		5B2104B82D1856A7005B9596 /* DCChatTableCell.xib */ = {isa = PBXFileReference; fileEncoding = 4; lastKnownFileType = file.xib; path = DCChatTableCell.xib; sourceTree = "<group>"; };
		5B2104B92D1856A7005B9596 /* DCChatVideoAttachment.xib */ = {isa = PBXFileReference; fileEncoding = 4; lastKnownFileType = file.xib; path = DCChatVideoAttachment.xib; sourceTree = "<group>"; };
		5B2104C02D1856E5005B9596 /* Border.png */ = {isa = PBXFileReference; lastKnownFileType = image.png; path = Border.png; sourceTree = "<group>"; };
		5B2104C12D1856E5005B9596 /* Border@2x.png */ = {isa = PBXFileReference; lastKnownFileType = image.png; path = "Border@2x.png"; sourceTree = "<group>"; };
		5B2104C22D1856E5005B9596 /* No-header.png */ = {isa = PBXFileReference; lastKnownFileType = image.png; path = "No-header.png"; sourceTree = "<group>"; };
		5B2104C32D1856E5005B9596 /* No-Header@2x.png */ = {isa = PBXFileReference; lastKnownFileType = image.png; path = "No-Header@2x.png"; sourceTree = "<group>"; };
		5B2104C52D1856E5005B9596 /* addbarglyph.png */ = {isa = PBXFileReference; lastKnownFileType = image.png; path = addbarglyph.png; sourceTree = "<group>"; };
		5B2104C62D1856E5005B9596 /* addbarglyph@2x.png */ = {isa = PBXFileReference; lastKnownFileType = image.png; path = "addbarglyph@2x.png"; sourceTree = "<group>"; };
		5B2104C72D1856E5005B9596 /* CBarButtonMap.png */ = {isa = PBXFileReference; lastKnownFileType = image.png; path = CBarButtonMap.png; sourceTree = "<group>"; };
		5B2104C82D1856E5005B9596 /* CBarButtonMap@2x.png */ = {isa = PBXFileReference; lastKnownFileType = image.png; path = "CBarButtonMap@2x.png"; sourceTree = "<group>"; };
		5B2104C92D1856E5005B9596 /* Home@2x.png */ = {isa = PBXFileReference; lastKnownFileType = image.png; path = "Home@2x.png"; sourceTree = "<group>"; };
		5B2104CA2D1856E5005B9596 /* preferences.png */ = {isa = PBXFileReference; lastKnownFileType = image.png; path = preferences.png; sourceTree = "<group>"; };
		5B2104CB2D1856E5005B9596 /* preferences@2x.png */ = {isa = PBXFileReference; lastKnownFileType = image.png; path = "preferences@2x.png"; sourceTree = "<group>"; };
		5B2104CC2D1856E5005B9596 /* Send.png */ = {isa = PBXFileReference; lastKnownFileType = image.png; path = Send.png; sourceTree = "<group>"; };
		5B2104CD2D1856E5005B9596 /* Send@2x.png */ = {isa = PBXFileReference; lastKnownFileType = image.png; path = "Send@2x.png"; sourceTree = "<group>"; };
		5B2104CE2D1856E5005B9596 /* Sidebar_glyph.png */ = {isa = PBXFileReference; lastKnownFileType = image.png; path = Sidebar_glyph.png; sourceTree = "<group>"; };
		5B2104CF2D1856E5005B9596 /* Sidebar_glyph@2x.png */ = {isa = PBXFileReference; lastKnownFileType = image.png; path = "Sidebar_glyph@2x.png"; sourceTree = "<group>"; };
		5B2104D12D1856E5005B9596 /* BarButton.png */ = {isa = PBXFileReference; lastKnownFileType = image.png; path = BarButton.png; sourceTree = "<group>"; };
		5B2104D22D1856E5005B9596 /* BarButton@2x.png */ = {isa = PBXFileReference; lastKnownFileType = image.png; path = "BarButton@2x.png"; sourceTree = "<group>"; };
		5B2104D32D1856E5005B9596 /* BarButtonPressed.png */ = {isa = PBXFileReference; lastKnownFileType = image.png; path = BarButtonPressed.png; sourceTree = "<group>"; };
		5B2104D42D1856E5005B9596 /* BarButtonPressed@2x.png */ = {isa = PBXFileReference; lastKnownFileType = image.png; path = "BarButtonPressed@2x.png"; sourceTree = "<group>"; };
		5B2104D52D1856E5005B9596 /* NavigationButton.png */ = {isa = PBXFileReference; lastKnownFileType = image.png; path = NavigationButton.png; sourceTree = "<group>"; };
		5B2104D62D1856E5005B9596 /* NavigationButton@2x.png */ = {isa = PBXFileReference; lastKnownFileType = image.png; path = "NavigationButton@2x.png"; sourceTree = "<group>"; };
		5B2104D72D1856E5005B9596 /* NavigationButtonPressed.png */ = {isa = PBXFileReference; lastKnownFileType = image.png; path = NavigationButtonPressed.png; sourceTree = "<group>"; };
		5B2104D82D1856E5005B9596 /* NavigationButtonPressed@2x.png */ = {isa = PBXFileReference; lastKnownFileType = image.png; path = "NavigationButtonPressed@2x.png"; sourceTree = "<group>"; };
		5B2104DA2D1856E5005B9596 /* DefaultAvatar0.png */ = {isa = PBXFileReference; lastKnownFileType = image.png; path = DefaultAvatar0.png; sourceTree = "<group>"; };
		5B2104DB2D1856E5005B9596 /* DefaultAvatar0@2x.png */ = {isa = PBXFileReference; lastKnownFileType = image.png; path = "DefaultAvatar0@2x.png"; sourceTree = "<group>"; };
		5B2104DC2D1856E5005B9596 /* DefaultAvatar1.png */ = {isa = PBXFileReference; lastKnownFileType = image.png; path = DefaultAvatar1.png; sourceTree = "<group>"; };
		5B2104DD2D1856E5005B9596 /* DefaultAvatar1@2x.png */ = {isa = PBXFileReference; lastKnownFileType = image.png; path = "DefaultAvatar1@2x.png"; sourceTree = "<group>"; };
		5B2104DE2D1856E5005B9596 /* DefaultAvatar2.png */ = {isa = PBXFileReference; lastKnownFileType = image.png; path = DefaultAvatar2.png; sourceTree = "<group>"; };
		5B2104DF2D1856E5005B9596 /* DefaultAvatar2@2x.png */ = {isa = PBXFileReference; lastKnownFileType = image.png; path = "DefaultAvatar2@2x.png"; sourceTree = "<group>"; };
		5B2104E02D1856E5005B9596 /* DefaultAvatar3.png */ = {isa = PBXFileReference; lastKnownFileType = image.png; path = DefaultAvatar3.png; sourceTree = "<group>"; };
		5B2104E12D1856E5005B9596 /* DefaultAvatar3@2x.png */ = {isa = PBXFileReference; lastKnownFileType = image.png; path = "DefaultAvatar3@2x.png"; sourceTree = "<group>"; };
		5B2104E22D1856E5005B9596 /* DefaultAvatar4.png */ = {isa = PBXFileReference; lastKnownFileType = image.png; path = DefaultAvatar4.png; sourceTree = "<group>"; };
		5B2104E32D1856E5005B9596 /* DefaultAvatar4@2x.png */ = {isa = PBXFileReference; lastKnownFileType = image.png; path = "DefaultAvatar4@2x.png"; sourceTree = "<group>"; };
		5B2104E42D1856E5005B9596 /* DefaultAvatar5.png */ = {isa = PBXFileReference; lastKnownFileType = image.png; path = DefaultAvatar5.png; sourceTree = "<group>"; };
		5B2104E52D1856E5005B9596 /* DefaultAvatar5@2x.png */ = {isa = PBXFileReference; lastKnownFileType = image.png; path = "DefaultAvatar5@2x.png"; sourceTree = "<group>"; };
		5B2104E72D1856E5005B9596 /* Default-568h@2x.png */ = {isa = PBXFileReference; lastKnownFileType = image.png; path = "Default-568h@2x.png"; sourceTree = "<group>"; };
		5B2104E92D1856E5005B9596 /* border.png */ = {isa = PBXFileReference; lastKnownFileType = image.png; path = border.png; sourceTree = "<group>"; };
		5B2104EA2D1856E5005B9596 /* DirectMessages.png */ = {isa = PBXFileReference; lastKnownFileType = image.png; path = DirectMessages.png; sourceTree = "<group>"; };
		5B2104EB2D1856E5005B9596 /* DirectMessages@2x.png */ = {isa = PBXFileReference; lastKnownFileType = image.png; path = "DirectMessages@2x.png"; sourceTree = "<group>"; };
		5B2104EC2D1856E5005B9596 /* menu.png */ = {isa = PBXFileReference; lastKnownFileType = image.png; path = menu.png; sourceTree = "<group>"; };
		5B2104ED2D1856E5005B9596 /* menu@2x.png */ = {isa = PBXFileReference; lastKnownFileType = image.png; path = "menu@2x.png"; sourceTree = "<group>"; };
		5B2104EE2D1856E5005B9596 /* Sar izmeli Mehmet Aa.mp3 */ = {isa = PBXFileReference; lastKnownFileType = audio.mp3; path = "Sar izmeli Mehmet Aa.mp3"; sourceTree = "<group>"; };
		5B2104EF2D1856E5005B9596 /* ServerBanner.png */ = {isa = PBXFileReference; lastKnownFileType = image.png; path = ServerBanner.png; sourceTree = "<group>"; };
		5B2104F02D1856E5005B9596 /* TopLogo.png */ = {isa = PBXFileReference; lastKnownFileType = image.png; path = TopLogo.png; sourceTree = "<group>"; };
		5B2104F12D1856E5005B9596 /* TopLogo@2x.png */ = {isa = PBXFileReference; lastKnownFileType = image.png; path = "TopLogo@2x.png"; sourceTree = "<group>"; };
		5B2104F22D1856E5005B9596 /* PLVideoOverlayPlay.png */ = {isa = PBXFileReference; lastKnownFileType = image.png; path = PLVideoOverlayPlay.png; sourceTree = "<group>"; };
		5B2104F32D1856E5005B9596 /* PLVideoOverlayPlay@2x.png */ = {isa = PBXFileReference; lastKnownFileType = image.png; path = "PLVideoOverlayPlay@2x.png"; sourceTree = "<group>"; };
		5B2104F42D1856E5005B9596 /* PLVideoOverlayPlayDown.png */ = {isa = PBXFileReference; lastKnownFileType = image.png; path = PLVideoOverlayPlayDown.png; sourceTree = "<group>"; };
		5B2104F52D1856E5005B9596 /* PLVideoOverlayPlayDown@2x.png */ = {isa = PBXFileReference; lastKnownFileType = image.png; path = "PLVideoOverlayPlayDown@2x.png"; sourceTree = "<group>"; };
		5B2104F62D1856E5005B9596 /* reply.png */ = {isa = PBXFileReference; lastKnownFileType = image.png; path = reply.png; sourceTree = "<group>"; };
		5B2104F82D1856E5005B9596 /* DirectMessages.png */ = {isa = PBXFileReference; lastKnownFileType = image.png; path = DirectMessages.png; sourceTree = "<group>"; };
		5B2104F92D1856E5005B9596 /* DirectMessages@2x.png */ = {isa = PBXFileReference; lastKnownFileType = image.png; path = "DirectMessages@2x.png"; sourceTree = "<group>"; };
		5B2104FB2D1856E5005B9596 /* bag-xml.png */ = {isa = PBXFileReference; lastKnownFileType = image.png; path = "bag-xml.png"; sourceTree = "<group>"; };
		5B2104FC2D1856E5005B9596 /* commandbar-bg.png */ = {isa = PBXFileReference; lastKnownFileType = image.png; path = "commandbar-bg.png"; sourceTree = "<group>"; };
		5B2104FD2D1856E5005B9596 /* commandbar-bg@2x.png */ = {isa = PBXFileReference; lastKnownFileType = image.png; path = "commandbar-bg@2x.png"; sourceTree = "<group>"; };
		5B2104FE2D1856E5005B9596 /* ContactsBar.png */ = {isa = PBXFileReference; lastKnownFileType = image.png; path = ContactsBar.png; sourceTree = "<group>"; };
		5B2104FF2D1856E5005B9596 /* ContactsBar@2x.png */ = {isa = PBXFileReference; lastKnownFileType = image.png; path = "ContactsBar@2x.png"; sourceTree = "<group>"; };
		5B2105002D1856E5005B9596 /* DescIntroducer.png */ = {isa = PBXFileReference; lastKnownFileType = image.png; path = DescIntroducer.png; sourceTree = "<group>"; };
		5B2105012D1856E5005B9596 /* DescIntroducer@2x.png */ = {isa = PBXFileReference; lastKnownFileType = image.png; path = "DescIntroducer@2x.png"; sourceTree = "<group>"; };
		5B2105022D1856E5005B9596 /* Discord.png */ = {isa = PBXFileReference; lastKnownFileType = image.png; path = Discord.png; sourceTree = "<group>"; };
		5B2105032D1856E5005B9596 /* WelcomeBanner.png */ = {isa = PBXFileReference; lastKnownFileType = image.png; path = WelcomeBanner.png; sourceTree = "<group>"; };
		5B2105042D1856E5005B9596 /* separator.png */ = {isa = PBXFileReference; lastKnownFileType = image.png; path = separator.png; sourceTree = "<group>"; };
		5B2105062D1856E5005B9596 /* TbarBG.png */ = {isa = PBXFileReference; lastKnownFileType = image.png; path = TbarBG.png; sourceTree = "<group>"; };
		5B2105072D1856E5005B9596 /* TbarBG@2x.png */ = {isa = PBXFileReference; lastKnownFileType = image.png; path = "TbarBG@2x.png"; sourceTree = "<group>"; };
		5B2105092D1856E5005B9596 /* ToolbarBG.png */ = {isa = PBXFileReference; lastKnownFileType = image.png; path = ToolbarBG.png; sourceTree = "<group>"; };
		5B21050A2D1856E5005B9596 /* ToolbarBG@2x.png */ = {isa = PBXFileReference; lastKnownFileType = image.png; path = "ToolbarBG@2x.png"; sourceTree = "<group>"; };
		5B21050B2D1856E5005B9596 /* Video-play-button.png */ = {isa = PBXFileReference; lastKnownFileType = image.png; path = "Video-play-button.png"; sourceTree = "<group>"; };
		5B21050C2D1856E5005B9596 /* Video-play-button@2x.png */ = {isa = PBXFileReference; lastKnownFileType = image.png; path = "Video-play-button@2x.png"; sourceTree = "<group>"; };
		5B2105512D18570D005B9596 /* Contactback.PNG */ = {isa = PBXFileReference; lastKnownFileType = image.png; path = Contactback.PNG; sourceTree = "<group>"; };
		5B2105542D185735005B9596 /* Images.xcassets */ = {isa = PBXFileReference; lastKnownFileType = folder.assetcatalog; path = Images.xcassets; sourceTree = "<group>"; };
		5B2105582D185794005B9596 /* Info.plist */ = {isa = PBXFileReference; fileEncoding = 4; lastKnownFileType = text.plist.xml; path = Info.plist; sourceTree = "<group>"; };
		5B21055C2D185B10005B9596 /* DCChannel.h */ = {isa = PBXFileReference; fileEncoding = 4; lastKnownFileType = sourcecode.c.h; path = DCChannel.h; sourceTree = "<group>"; };
		5B21055D2D185B10005B9596 /* DCChannel.m */ = {isa = PBXFileReference; fileEncoding = 4; lastKnownFileType = sourcecode.c.objc; path = DCChannel.m; sourceTree = "<group>"; };
		5B21055E2D185B10005B9596 /* DCGuild.h */ = {isa = PBXFileReference; fileEncoding = 4; lastKnownFileType = sourcecode.c.h; path = DCGuild.h; sourceTree = "<group>"; };
		5B21055F2D185B10005B9596 /* DCGuild.m */ = {isa = PBXFileReference; fileEncoding = 4; lastKnownFileType = sourcecode.c.objc; path = DCGuild.m; sourceTree = "<group>"; };
		5B2105602D185B10005B9596 /* DCMessage.h */ = {isa = PBXFileReference; fileEncoding = 4; lastKnownFileType = sourcecode.c.h; path = DCMessage.h; sourceTree = "<group>"; };
		5B2105612D185B10005B9596 /* DCMessage.m */ = {isa = PBXFileReference; fileEncoding = 4; lastKnownFileType = sourcecode.c.objc; path = DCMessage.m; sourceTree = "<group>"; };
		5B2105622D185B10005B9596 /* DCServerCommunicator.h */ = {isa = PBXFileReference; fileEncoding = 4; lastKnownFileType = sourcecode.c.h; path = DCServerCommunicator.h; sourceTree = "<group>"; };
		5B2105632D185B10005B9596 /* DCServerCommunicator.m */ = {isa = PBXFileReference; fileEncoding = 4; lastKnownFileType = sourcecode.c.objc; path = DCServerCommunicator.m; sourceTree = "<group>"; };
		5B2105642D185B10005B9596 /* DCTools.h */ = {isa = PBXFileReference; fileEncoding = 4; lastKnownFileType = sourcecode.c.h; path = DCTools.h; sourceTree = "<group>"; };
		5B2105652D185B10005B9596 /* DCTools.m */ = {isa = PBXFileReference; fileEncoding = 4; lastKnownFileType = sourcecode.c.objc; path = DCTools.m; sourceTree = "<group>"; };
		5B2105662D185B10005B9596 /* DCUser.h */ = {isa = PBXFileReference; fileEncoding = 4; lastKnownFileType = sourcecode.c.h; path = DCUser.h; sourceTree = "<group>"; };
		5B2105672D185B10005B9596 /* DCUser.m */ = {isa = PBXFileReference; fileEncoding = 4; lastKnownFileType = sourcecode.c.objc; path = DCUser.m; sourceTree = "<group>"; };
		5B2105692D185B10005B9596 /* DCChatTableCell.h */ = {isa = PBXFileReference; fileEncoding = 4; lastKnownFileType = sourcecode.c.h; path = DCChatTableCell.h; sourceTree = "<group>"; };
		5B21056A2D185B10005B9596 /* DCChatTableCell.m */ = {isa = PBXFileReference; fileEncoding = 4; lastKnownFileType = sourcecode.c.objc; path = DCChatTableCell.m; sourceTree = "<group>"; };
		5B21056B2D185B10005B9596 /* DCChatVideoAttachment.h */ = {isa = PBXFileReference; fileEncoding = 4; lastKnownFileType = sourcecode.c.h; path = DCChatVideoAttachment.h; sourceTree = "<group>"; };
		5B21056C2D185B10005B9596 /* DCChatVideoAttachment.m */ = {isa = PBXFileReference; fileEncoding = 4; lastKnownFileType = sourcecode.c.objc; path = DCChatVideoAttachment.m; sourceTree = "<group>"; };
		5B21056E2D185B10005B9596 /* DCAppDelegate.h */ = {isa = PBXFileReference; fileEncoding = 4; lastKnownFileType = sourcecode.c.h; path = DCAppDelegate.h; sourceTree = "<group>"; };
		5B21056F2D185B10005B9596 /* DCAppDelegate.m */ = {isa = PBXFileReference; fileEncoding = 4; lastKnownFileType = sourcecode.c.objc; path = DCAppDelegate.m; sourceTree = "<group>"; };
		5B2105722D185B10005B9596 /* DCViewController.h */ = {isa = PBXFileReference; fileEncoding = 4; lastKnownFileType = sourcecode.c.h; path = DCViewController.h; sourceTree = "<group>"; };
		5B2105732D185B10005B9596 /* DCViewController.m */ = {isa = PBXFileReference; fileEncoding = 4; lastKnownFileType = sourcecode.c.objc; path = DCViewController.m; sourceTree = "<group>"; };
		5B2105752D185B10005B9596 /* DCChatViewController.h */ = {isa = PBXFileReference; fileEncoding = 4; lastKnownFileType = sourcecode.c.h; path = DCChatViewController.h; sourceTree = "<group>"; };
		5B2105762D185B10005B9596 /* DCChatViewController.m */ = {isa = PBXFileReference; fileEncoding = 4; lastKnownFileType = sourcecode.c.objc; path = DCChatViewController.m; sourceTree = "<group>"; };
		5B2105782D185B10005B9596 /* DCChannelListViewController.h */ = {isa = PBXFileReference; fileEncoding = 4; lastKnownFileType = sourcecode.c.h; path = DCChannelListViewController.h; sourceTree = "<group>"; };
		5B2105792D185B10005B9596 /* DCChannelListViewController.m */ = {isa = PBXFileReference; fileEncoding = 4; lastKnownFileType = sourcecode.c.objc; path = DCChannelListViewController.m; sourceTree = "<group>"; };
		5B21057A2D185B10005B9596 /* DCGuildListViewController.h */ = {isa = PBXFileReference; fileEncoding = 4; lastKnownFileType = sourcecode.c.h; path = DCGuildListViewController.h; sourceTree = "<group>"; };
		5B21057B2D185B10005B9596 /* DCGuildListViewController.m */ = {isa = PBXFileReference; fileEncoding = 4; lastKnownFileType = sourcecode.c.objc; path = DCGuildListViewController.m; sourceTree = "<group>"; };
		5B21057C2D185B10005B9596 /* DCMenuViewController.h */ = {isa = PBXFileReference; fileEncoding = 4; lastKnownFileType = sourcecode.c.h; path = DCMenuViewController.h; sourceTree = "<group>"; };
		5B21057D2D185B10005B9596 /* DCMenuViewController.m */ = {isa = PBXFileReference; fileEncoding = 4; lastKnownFileType = sourcecode.c.objc; path = DCMenuViewController.m; sourceTree = "<group>"; };
		5B21057F2D185B10005B9596 /* DCImageViewController.h */ = {isa = PBXFileReference; fileEncoding = 4; lastKnownFileType = sourcecode.c.h; path = DCImageViewController.h; sourceTree = "<group>"; };
		5B2105802D185B10005B9596 /* DCImageViewController.m */ = {isa = PBXFileReference; fileEncoding = 4; lastKnownFileType = sourcecode.c.objc; path = DCImageViewController.m; sourceTree = "<group>"; };
		5B2105822D185B10005B9596 /* DCInfoPageViewController.h */ = {isa = PBXFileReference; fileEncoding = 4; lastKnownFileType = sourcecode.c.h; path = DCInfoPageViewController.h; sourceTree = "<group>"; };
		5B2105832D185B10005B9596 /* DCInfoPageViewController.m */ = {isa = PBXFileReference; fileEncoding = 4; lastKnownFileType = sourcecode.c.objc; path = DCInfoPageViewController.m; sourceTree = "<group>"; };
		5B2105852D185B10005B9596 /* DCCInfoViewController.h */ = {isa = PBXFileReference; fileEncoding = 4; lastKnownFileType = sourcecode.c.h; path = DCCInfoViewController.h; sourceTree = "<group>"; };
		5B2105862D185B10005B9596 /* DCCInfoViewController.m */ = {isa = PBXFileReference; fileEncoding = 4; lastKnownFileType = sourcecode.c.objc; path = DCCInfoViewController.m; sourceTree = "<group>"; };
		5B2105872D185B10005B9596 /* DCContactViewController.h */ = {isa = PBXFileReference; fileEncoding = 4; lastKnownFileType = sourcecode.c.h; path = DCContactViewController.h; sourceTree = "<group>"; };
		5B2105882D185B10005B9596 /* DCContactViewController.m */ = {isa = PBXFileReference; fileEncoding = 4; lastKnownFileType = sourcecode.c.objc; path = DCContactViewController.m; sourceTree = "<group>"; };
		5B21058A2D185B10005B9596 /* DCSettingsViewController.h */ = {isa = PBXFileReference; fileEncoding = 4; lastKnownFileType = sourcecode.c.h; path = DCSettingsViewController.h; sourceTree = "<group>"; };
		5B21058B2D185B10005B9596 /* DCSettingsViewController.m */ = {isa = PBXFileReference; fileEncoding = 4; lastKnownFileType = sourcecode.c.objc; path = DCSettingsViewController.m; sourceTree = "<group>"; };
		5B21058D2D185B10005B9596 /* DCIntroductionPage.h */ = {isa = PBXFileReference; fileEncoding = 4; lastKnownFileType = sourcecode.c.h; path = DCIntroductionPage.h; sourceTree = "<group>"; };
		5B21058E2D185B10005B9596 /* DCIntroductionPage.m */ = {isa = PBXFileReference; fileEncoding = 4; lastKnownFileType = sourcecode.c.objc; path = DCIntroductionPage.m; sourceTree = "<group>"; };
		5B21058F2D185B10005B9596 /* DCWelcomeController.h */ = {isa = PBXFileReference; fileEncoding = 4; lastKnownFileType = sourcecode.c.h; path = DCWelcomeController.h; sourceTree = "<group>"; };
		5B2105902D185B10005B9596 /* DCWelcomeController.m */ = {isa = PBXFileReference; fileEncoding = 4; lastKnownFileType = sourcecode.c.objc; path = DCWelcomeController.m; sourceTree = "<group>"; };
		5B2105A82D185BD3005B9596 /* main.m */ = {isa = PBXFileReference; fileEncoding = 4; lastKnownFileType = sourcecode.c.objc; name = main.m; path = "../../Discord Classic/main.m"; sourceTree = "<group>"; };
		5B2105AA2D185CDC005B9596 /* iOS-7.storyboard */ = {isa = PBXFileReference; fileEncoding = 4; lastKnownFileType = file.storyboard; path = "iOS-7.storyboard"; sourceTree = "<group>"; };
		5B2105B52D1861DE005B9596 /* DCMissedCallCell.xib */ = {isa = PBXFileReference; fileEncoding = 4; lastKnownFileType = file.xib; path = DCMissedCallCell.xib; sourceTree = "<group>"; };
		5B2105B82D186431005B9596 /* TestCallEmbed.png */ = {isa = PBXFileReference; lastKnownFileType = image.png; path = TestCallEmbed.png; sourceTree = "<group>"; };
		5B2105BB2D1896F7005B9596 /* Sample */ = {isa = PBXFileReference; fileEncoding = 4; lastKnownFileType = text; path = Sample; sourceTree = "<group>"; };
		5B2105BD2D18B498005B9596 /* DCRecipientTableCell.h */ = {isa = PBXFileReference; fileEncoding = 4; lastKnownFileType = sourcecode.c.h; path = DCRecipientTableCell.h; sourceTree = "<group>"; };
		5B2105BE2D18B498005B9596 /* DCRecipientTableCell.m */ = {isa = PBXFileReference; fileEncoding = 4; lastKnownFileType = sourcecode.c.objc; path = DCRecipientTableCell.m; sourceTree = "<group>"; };
		5B2105C02D18C116005B9596 /* DCGuildTableViewCell.h */ = {isa = PBXFileReference; fileEncoding = 4; lastKnownFileType = sourcecode.c.h; path = DCGuildTableViewCell.h; sourceTree = "<group>"; };
		5B2105C12D18C116005B9596 /* DCGuildTableViewCell.m */ = {isa = PBXFileReference; fileEncoding = 4; lastKnownFileType = sourcecode.c.objc; path = DCGuildTableViewCell.m; sourceTree = "<group>"; };
		5B3890DA2D1C53CB002D3BBE /* GuildIconBase.png */ = {isa = PBXFileReference; lastKnownFileType = image.png; path = GuildIconBase.png; sourceTree = "<group>"; };
		5B3890DC2D1C54D8002D3BBE /* GuildIconBaseSelected.png */ = {isa = PBXFileReference; lastKnownFileType = image.png; path = GuildIconBaseSelected.png; sourceTree = "<group>"; };
		5B3890DF2D1C7A11002D3BBE /* pfpOverlay.png */ = {isa = PBXFileReference; lastKnownFileType = image.png; path = pfpOverlay.png; sourceTree = "<group>"; };
		5B3890E02D1C7A11002D3BBE /* pfpOverlay@2x.png */ = {isa = PBXFileReference; lastKnownFileType = image.png; path = "pfpOverlay@2x.png"; sourceTree = "<group>"; };
		5BAE84292D1C84AE00C021F9 /* UIColorHex.h */ = {isa = PBXFileReference; fileEncoding = 4; lastKnownFileType = sourcecode.c.h; path = UIColorHex.h; sourceTree = "<group>"; };
		5BAE842A2D1C84AE00C021F9 /* UIColorHex.m */ = {isa = PBXFileReference; fileEncoding = 4; lastKnownFileType = sourcecode.c.objc; path = UIColorHex.m; sourceTree = "<group>"; };
		5BB5D72F2D19529800C54C0A /* Discord.app */ = {isa = PBXFileReference; explicitFileType = wrapper.application; includeInIndex = 0; path = Discord.app; sourceTree = BUILT_PRODUCTS_DIR; };
		5BB5D7342D19545B00C54C0A /* privateGuildLogo.png */ = {isa = PBXFileReference; lastKnownFileType = image.png; name = privateGuildLogo.png; path = ../privateGuildLogo.png; sourceTree = "<group>"; };
		5BB5D7352D19545B00C54C0A /* privateGuildLogo@2x.png */ = {isa = PBXFileReference; lastKnownFileType = image.png; name = "privateGuildLogo@2x.png"; path = "../privateGuildLogo@2x.png"; sourceTree = "<group>"; };
		5BB5D7382D1956F700C54C0A /* bannerTopShadow.png */ = {isa = PBXFileReference; lastKnownFileType = image.png; path = bannerTopShadow.png; sourceTree = "<group>"; };
		5BB5D7392D1956F700C54C0A /* bannerTopShadow@2x.png */ = {isa = PBXFileReference; lastKnownFileType = image.png; path = "bannerTopShadow@2x.png"; sourceTree = "<group>"; };
		5BB5D73C2D19582700C54C0A /* bannerBottomShadow.png */ = {isa = PBXFileReference; lastKnownFileType = image.png; path = bannerBottomShadow.png; sourceTree = "<group>"; };
		5BB5D73D2D19582700C54C0A /* bannerBottomShadow@2x.png */ = {isa = PBXFileReference; lastKnownFileType = image.png; path = "bannerBottomShadow@2x.png"; sourceTree = "<group>"; };
		5BB5D7412D195B3400C54C0A /* newMessages.png */ = {isa = PBXFileReference; lastKnownFileType = image.png; path = newMessages.png; sourceTree = "<group>"; };
		5BB5D7422D195B3400C54C0A /* newMessages@2x.png */ = {isa = PBXFileReference; lastKnownFileType = image.png; path = "newMessages@2x.png"; sourceTree = "<group>"; };
		5BB5D7452D195E6400C54C0A /* DCChannelViewCell.h */ = {isa = PBXFileReference; fileEncoding = 4; lastKnownFileType = sourcecode.c.h; path = DCChannelViewCell.h; sourceTree = "<group>"; };
		5BB5D7462D195E6400C54C0A /* DCChannelViewCell.m */ = {isa = PBXFileReference; fileEncoding = 4; lastKnownFileType = sourcecode.c.objc; path = DCChannelViewCell.m; sourceTree = "<group>"; };
/* End PBXFileReference section */

/* Begin PBXFrameworksBuildPhase section */
		09C6B91D204A0F54007EAC26 /* Frameworks */ = {
			isa = PBXFrameworksBuildPhase;
			buildActionMask = 2147483647;
			files = (
				2CF9205D2B02CAB700249D6A /* AssetsLibrary.framework in Frameworks */,
				2CF920112AF7F17B00249D6A /* QuickLook.framework in Frameworks */,
				2C11B4202AEAFA5000BE66F6 /* ImageIO.framework in Frameworks */,
				2CEBF29A2AE2FE4500EC7812 /* MediaPlayer.framework in Frameworks */,
				2CEBF2982AE2FE2500EC7812 /* AVFoundation.framework in Frameworks */,
				09C6B997204A261B007EAC26 /* Security.framework in Frameworks */,
				09C6B995204A2614007EAC26 /* CFNetwork.framework in Frameworks */,
				09C6B925204A0F54007EAC26 /* UIKit.framework in Frameworks */,
				09C6B927204A0F54007EAC26 /* Foundation.framework in Frameworks */,
				09C6B929204A0F54007EAC26 /* CoreGraphics.framework in Frameworks */,
			);
			runOnlyForDeploymentPostprocessing = 0;
		};
/* End PBXFrameworksBuildPhase section */

/* Begin PBXGroup section */
		09C6B915204A0F54007EAC26 = {
			isa = PBXGroup;
			children = (
				5B2105BA2D1896EA005B9596 /* Test */,
				5B21055A2D185B10005B9596 /* Classes */,
				5B21047D2D185409005B9596 /* Libraries */,
				5B2104782D185402005B9596 /* Assets */,
				09C6B923204A0F54007EAC26 /* Frameworks */,
				5BB5D72F2D19529800C54C0A /* Discord.app */,
			);
			sourceTree = "<group>";
		};
		09C6B923204A0F54007EAC26 /* Frameworks */ = {
			isa = PBXGroup;
			children = (
				2CF9205C2B02CAB700249D6A /* AssetsLibrary.framework */,
				2CF920102AF7F17B00249D6A /* QuickLook.framework */,
				2C11B41F2AEAFA5000BE66F6 /* ImageIO.framework */,
				2CEBF2992AE2FE4500EC7812 /* MediaPlayer.framework */,
				2CEBF2972AE2FE2500EC7812 /* AVFoundation.framework */,
				09C6B996204A261B007EAC26 /* Security.framework */,
				09C6B994204A2614007EAC26 /* CFNetwork.framework */,
				09C6B924204A0F54007EAC26 /* UIKit.framework */,
				09C6B926204A0F54007EAC26 /* Foundation.framework */,
				09C6B928204A0F54007EAC26 /* CoreGraphics.framework */,
				09C6B945204A0F55007EAC26 /* SenTestingKit.framework */,
			);
			name = Frameworks;
			sourceTree = "<group>";
		};
		5B2104782D185402005B9596 /* Assets */ = {
			isa = PBXGroup;
			children = (
				5B2105572D185794005B9596 /* Plists */,
				5B2105532D185735005B9596 /* Catalogs */,
				5B2104BE2D1856E5005B9596 /* Images */,
				5B2104B52D1856A7005B9596 /* XIBs */,
				5B2104B22D185680005B9596 /* Storyboards */,
				5B2104792D185402005B9596 /* Bundles */,
				5B21047B2D185402005B9596 /* Images */,
			);
			path = Assets;
			sourceTree = "<group>";
		};
		5B2104792D185402005B9596 /* Bundles */ = {
			isa = PBXGroup;
			children = (
				5B21047A2D185402005B9596 /* Settings.bundle */,
			);
			path = Bundles;
			sourceTree = "<group>";
		};
		5B21047B2D185402005B9596 /* Images */ = {
			isa = PBXGroup;
			children = (
			);
			path = Images;
			sourceTree = "<group>";
		};
		5B21047D2D185409005B9596 /* Libraries */ = {
			isa = PBXGroup;
			children = (
				5BAE84282D1C849E00C021F9 /* UIColor+Hex */,
				5B21047E2D185409005B9596 /* APLSlideMenu */,
				5B2104832D185409005B9596 /* BButton */,
				5B21048C2D185409005B9596 /* Emojize */,
				5B2104902D185409005B9596 /* GIF */,
				5B2104942D185409005B9596 /* TRMalleableFrameView */,
				5B2104972D185409005B9596 /* Websocket */,
			);
			path = Libraries;
			sourceTree = "<group>";
		};
		5B21047E2D185409005B9596 /* APLSlideMenu */ = {
			isa = PBXGroup;
			children = (
				5B21047F2D185409005B9596 /* APLSlideMenuSegue.h */,
				5B2104802D185409005B9596 /* APLSlideMenuSegue.m */,
				5B2104812D185409005B9596 /* APLSlideMenuViewController.h */,
				5B2104822D185409005B9596 /* APLSlideMenuViewController.m */,
			);
			path = APLSlideMenu;
			sourceTree = "<group>";
		};
		5B2104832D185409005B9596 /* BButton */ = {
			isa = PBXGroup;
			children = (
				5B2104842D185409005B9596 /* BButton.h */,
				5B2104852D185409005B9596 /* BButton.m */,
				5B2104862D185409005B9596 /* NSString+FontAwesome.h */,
				5B2104872D185409005B9596 /* NSString+FontAwesome.m */,
				5B2104882D185409005B9596 /* resources */,
				5B21048A2D185409005B9596 /* UIColor+BButton.h */,
				5B21048B2D185409005B9596 /* UIColor+BButton.m */,
			);
			path = BButton;
			sourceTree = "<group>";
		};
		5B2104882D185409005B9596 /* resources */ = {
			isa = PBXGroup;
			children = (
				5B2104892D185409005B9596 /* FontAwesome.ttf */,
			);
			path = resources;
			sourceTree = "<group>";
		};
		5B21048C2D185409005B9596 /* Emojize */ = {
			isa = PBXGroup;
			children = (
				5B21048D2D185409005B9596 /* emoji.json */,
				5B21048E2D185409005B9596 /* NSString+Emojize.h */,
				5B21048F2D185409005B9596 /* NSString+Emojize.m */,
			);
			path = Emojize;
			sourceTree = "<group>";
		};
		5B2104902D185409005B9596 /* GIF */ = {
			isa = PBXGroup;
			children = (
				5B2104912D185409005B9596 /* UIImage+animatedGIF.h */,
				5B2104922D185409005B9596 /* UIImage+animatedGIF.m */,
			);
			path = GIF;
			sourceTree = "<group>";
		};
		5B2104942D185409005B9596 /* TRMalleableFrameView */ = {
			isa = PBXGroup;
			children = (
				5B2104952D185409005B9596 /* TRMalleableFrameView.h */,
				5B2104962D185409005B9596 /* TRMalleableFrameView.m */,
			);
			path = TRMalleableFrameView;
			sourceTree = "<group>";
		};
		5B2104972D185409005B9596 /* Websocket */ = {
			isa = PBXGroup;
			children = (
				5B2104982D185409005B9596 /* NSString+Base64.h */,
				5B2104992D185409005B9596 /* NSString+Base64.m */,
				5B21049A2D185409005B9596 /* WSFrame.h */,
				5B21049B2D185409005B9596 /* WSFrame.m */,
				5B21049C2D185409005B9596 /* WSMessage.h */,
				5B21049D2D185409005B9596 /* WSMessage.m */,
				5B21049E2D185409005B9596 /* WSMessageProcessor.h */,
				5B21049F2D185409005B9596 /* WSMessageProcessor.m */,
				5B2104A02D185409005B9596 /* WSWebSocket-Prefix.pch */,
				5B2104A12D185409005B9596 /* WSWebSocket.h */,
				5B2104A22D185409005B9596 /* WSWebSocket.m */,
			);
			path = Websocket;
			sourceTree = "<group>";
		};
		5B2104B22D185680005B9596 /* Storyboards */ = {
			isa = PBXGroup;
			children = (
				5B2104B32D185680005B9596 /* Storyboard.storyboard */,
				5B2105AA2D185CDC005B9596 /* iOS-7.storyboard */,
			);
			path = Storyboards;
			sourceTree = "<group>";
		};
		5B2104B52D1856A7005B9596 /* XIBs */ = {
			isa = PBXGroup;
			children = (
				5B2105B52D1861DE005B9596 /* DCMissedCallCell.xib */,
				5B2104B62D1856A7005B9596 /* DCChatGroupedTableCell.xib */,
				5B2104B72D1856A7005B9596 /* DCChatReplyTableCell.xib */,
				5B2104B82D1856A7005B9596 /* DCChatTableCell.xib */,
				5B2104B92D1856A7005B9596 /* DCChatVideoAttachment.xib */,
			);
			path = XIBs;
			sourceTree = "<group>";
		};
		5B2104BE2D1856E5005B9596 /* Images */ = {
			isa = PBXGroup;
			children = (
				5B3890DE2D1C7A05002D3BBE /* Profile Page */,
				5BB5D7402D195B0C00C54C0A /* Guild Cell */,
				5B2105B72D18642A005B9596 /* Missed Call */,
				5B2105512D18570D005B9596 /* Contactback.PNG */,
				5B2104BF2D1856E5005B9596 /* Banner Resources */,
				5B2104C42D1856E5005B9596 /* Button Glyphs */,
				5B2104D92D1856E5005B9596 /* Default Avatars */,
				5B2104E62D1856E5005B9596 /* Launch Images */,
				5B2104E82D1856E5005B9596 /* New */,
				5B2104F22D1856E5005B9596 /* PLVideoOverlayPlay.png */,
				5B2104F32D1856E5005B9596 /* PLVideoOverlayPlay@2x.png */,
				5B2104F42D1856E5005B9596 /* PLVideoOverlayPlayDown.png */,
				5B2104F52D1856E5005B9596 /* PLVideoOverlayPlayDown@2x.png */,
				5B2104F62D1856E5005B9596 /* reply.png */,
				5B2104F72D1856E5005B9596 /* UI */,
				5B21050B2D1856E5005B9596 /* Video-play-button.png */,
				5B21050C2D1856E5005B9596 /* Video-play-button@2x.png */,
			);
			path = Images;
			sourceTree = "<group>";
		};
		5B2104BF2D1856E5005B9596 /* Banner Resources */ = {
			isa = PBXGroup;
			children = (
				5BB5D73C2D19582700C54C0A /* bannerBottomShadow.png */,
				5BB5D73D2D19582700C54C0A /* bannerBottomShadow@2x.png */,
				5BB5D7382D1956F700C54C0A /* bannerTopShadow.png */,
				5BB5D7392D1956F700C54C0A /* bannerTopShadow@2x.png */,
				5B2104C02D1856E5005B9596 /* Border.png */,
				5B2104C12D1856E5005B9596 /* Border@2x.png */,
				5B2104C22D1856E5005B9596 /* No-header.png */,
				5B2104C32D1856E5005B9596 /* No-Header@2x.png */,
			);
			path = "Banner Resources";
			sourceTree = "<group>";
		};
		5B2104C42D1856E5005B9596 /* Button Glyphs */ = {
			isa = PBXGroup;
			children = (
				5B2104C52D1856E5005B9596 /* addbarglyph.png */,
				5B2104C62D1856E5005B9596 /* addbarglyph@2x.png */,
				5B2104C72D1856E5005B9596 /* CBarButtonMap.png */,
				5B2104C82D1856E5005B9596 /* CBarButtonMap@2x.png */,
				5B2104C92D1856E5005B9596 /* Home@2x.png */,
				5B2104CA2D1856E5005B9596 /* preferences.png */,
				5B2104CB2D1856E5005B9596 /* preferences@2x.png */,
				5B2104CC2D1856E5005B9596 /* Send.png */,
				5B2104CD2D1856E5005B9596 /* Send@2x.png */,
				5B2104CE2D1856E5005B9596 /* Sidebar_glyph.png */,
				5B2104CF2D1856E5005B9596 /* Sidebar_glyph@2x.png */,
				5B2104D02D1856E5005B9596 /* Title-and toolbar buttons */,
			);
			path = "Button Glyphs";
			sourceTree = "<group>";
		};
		5B2104D02D1856E5005B9596 /* Title-and toolbar buttons */ = {
			isa = PBXGroup;
			children = (
				5B2104D12D1856E5005B9596 /* BarButton.png */,
				5B2104D22D1856E5005B9596 /* BarButton@2x.png */,
				5B2104D32D1856E5005B9596 /* BarButtonPressed.png */,
				5B2104D42D1856E5005B9596 /* BarButtonPressed@2x.png */,
				5B2104D52D1856E5005B9596 /* NavigationButton.png */,
				5B2104D62D1856E5005B9596 /* NavigationButton@2x.png */,
				5B2104D72D1856E5005B9596 /* NavigationButtonPressed.png */,
				5B2104D82D1856E5005B9596 /* NavigationButtonPressed@2x.png */,
			);
			path = "Title-and toolbar buttons";
			sourceTree = "<group>";
		};
		5B2104D92D1856E5005B9596 /* Default Avatars */ = {
			isa = PBXGroup;
			children = (
				5B2104DA2D1856E5005B9596 /* DefaultAvatar0.png */,
				5B2104DB2D1856E5005B9596 /* DefaultAvatar0@2x.png */,
				5B2104DC2D1856E5005B9596 /* DefaultAvatar1.png */,
				5B2104DD2D1856E5005B9596 /* DefaultAvatar1@2x.png */,
				5B2104DE2D1856E5005B9596 /* DefaultAvatar2.png */,
				5B2104DF2D1856E5005B9596 /* DefaultAvatar2@2x.png */,
				5B2104E02D1856E5005B9596 /* DefaultAvatar3.png */,
				5B2104E12D1856E5005B9596 /* DefaultAvatar3@2x.png */,
				5B2104E22D1856E5005B9596 /* DefaultAvatar4.png */,
				5B2104E32D1856E5005B9596 /* DefaultAvatar4@2x.png */,
				5B2104E42D1856E5005B9596 /* DefaultAvatar5.png */,
				5B2104E52D1856E5005B9596 /* DefaultAvatar5@2x.png */,
			);
			path = "Default Avatars";
			sourceTree = "<group>";
		};
		5B2104E62D1856E5005B9596 /* Launch Images */ = {
			isa = PBXGroup;
			children = (
				5B2104E72D1856E5005B9596 /* Default-568h@2x.png */,
			);
			path = "Launch Images";
			sourceTree = "<group>";
		};
		5B2104E82D1856E5005B9596 /* New */ = {
			isa = PBXGroup;
			children = (
				5B2104E92D1856E5005B9596 /* border.png */,
				5B2104EA2D1856E5005B9596 /* DirectMessages.png */,
				5B2104EB2D1856E5005B9596 /* DirectMessages@2x.png */,
				5B2104EC2D1856E5005B9596 /* menu.png */,
				5B2104ED2D1856E5005B9596 /* menu@2x.png */,
				5B2104EE2D1856E5005B9596 /* Sar izmeli Mehmet Aa.mp3 */,
				5B2104EF2D1856E5005B9596 /* ServerBanner.png */,
				5B2104F02D1856E5005B9596 /* TopLogo.png */,
				5B2104F12D1856E5005B9596 /* TopLogo@2x.png */,
			);
			path = New;
			sourceTree = "<group>";
		};
		5B2104F72D1856E5005B9596 /* UI */ = {
			isa = PBXGroup;
			children = (
				5B2104F82D1856E5005B9596 /* DirectMessages.png */,
				5B2104F92D1856E5005B9596 /* DirectMessages@2x.png */,
				5B2104FA2D1856E5005B9596 /* Helpers */,
				5B2105042D1856E5005B9596 /* separator.png */,
				5B2105052D1856E5005B9596 /* UITitlebar */,
				5B2105082D1856E5005B9596 /* UIToolBar */,
			);
			path = UI;
			sourceTree = "<group>";
		};
		5B2104FA2D1856E5005B9596 /* Helpers */ = {
			isa = PBXGroup;
			children = (
				5B2104FB2D1856E5005B9596 /* bag-xml.png */,
				5B2104FC2D1856E5005B9596 /* commandbar-bg.png */,
				5B2104FD2D1856E5005B9596 /* commandbar-bg@2x.png */,
				5B2104FE2D1856E5005B9596 /* ContactsBar.png */,
				5B2104FF2D1856E5005B9596 /* ContactsBar@2x.png */,
				5B2105002D1856E5005B9596 /* DescIntroducer.png */,
				5B2105012D1856E5005B9596 /* DescIntroducer@2x.png */,
				5B2105022D1856E5005B9596 /* Discord.png */,
				5B2105032D1856E5005B9596 /* WelcomeBanner.png */,
			);
			path = Helpers;
			sourceTree = "<group>";
		};
		5B2105052D1856E5005B9596 /* UITitlebar */ = {
			isa = PBXGroup;
			children = (
				5B2105062D1856E5005B9596 /* TbarBG.png */,
				5B2105072D1856E5005B9596 /* TbarBG@2x.png */,
			);
			path = UITitlebar;
			sourceTree = "<group>";
		};
		5B2105082D1856E5005B9596 /* UIToolBar */ = {
			isa = PBXGroup;
			children = (
				5B2105092D1856E5005B9596 /* ToolbarBG.png */,
				5B21050A2D1856E5005B9596 /* ToolbarBG@2x.png */,
			);
			path = UIToolBar;
			sourceTree = "<group>";
		};
		5B2105532D185735005B9596 /* Catalogs */ = {
			isa = PBXGroup;
			children = (
				5B2105542D185735005B9596 /* Images.xcassets */,
			);
			path = Catalogs;
			sourceTree = "<group>";
		};
		5B2105572D185794005B9596 /* Plists */ = {
			isa = PBXGroup;
			children = (
				5B2105582D185794005B9596 /* Info.plist */,
			);
			path = Plists;
			sourceTree = "<group>";
		};
		5B21055A2D185B10005B9596 /* Classes */ = {
			isa = PBXGroup;
			children = (
				5B21055B2D185B10005B9596 /* API */,
				5B2105682D185B10005B9596 /* Cells */,
				5B21056D2D185B10005B9596 /* Delegate */,
				5B2105702D185B10005B9596 /* View controllers */,
			);
			path = Classes;
			sourceTree = "<group>";
		};
		5B21055B2D185B10005B9596 /* API */ = {
			isa = PBXGroup;
			children = (
				5B21055C2D185B10005B9596 /* DCChannel.h */,
				5B21055D2D185B10005B9596 /* DCChannel.m */,
				5B21055E2D185B10005B9596 /* DCGuild.h */,
				5B21055F2D185B10005B9596 /* DCGuild.m */,
				5B2105602D185B10005B9596 /* DCMessage.h */,
				5B2105612D185B10005B9596 /* DCMessage.m */,
				5B2105622D185B10005B9596 /* DCServerCommunicator.h */,
				5B2105632D185B10005B9596 /* DCServerCommunicator.m */,
				5B2105642D185B10005B9596 /* DCTools.h */,
				5B2105652D185B10005B9596 /* DCTools.m */,
				5B2105662D185B10005B9596 /* DCUser.h */,
				5B2105672D185B10005B9596 /* DCUser.m */,
			);
			path = API;
			sourceTree = "<group>";
		};
		5B2105682D185B10005B9596 /* Cells */ = {
			isa = PBXGroup;
			children = (
				5B2105692D185B10005B9596 /* DCChatTableCell.h */,
				5B21056A2D185B10005B9596 /* DCChatTableCell.m */,
				5B21056B2D185B10005B9596 /* DCChatVideoAttachment.h */,
				5B21056C2D185B10005B9596 /* DCChatVideoAttachment.m */,
				5B2105BD2D18B498005B9596 /* DCRecipientTableCell.h */,
				5B2105BE2D18B498005B9596 /* DCRecipientTableCell.m */,
				5B2105C02D18C116005B9596 /* DCGuildTableViewCell.h */,
				5B2105C12D18C116005B9596 /* DCGuildTableViewCell.m */,
				5BB5D7452D195E6400C54C0A /* DCChannelViewCell.h */,
				5BB5D7462D195E6400C54C0A /* DCChannelViewCell.m */,
			);
			path = Cells;
			sourceTree = "<group>";
		};
		5B21056D2D185B10005B9596 /* Delegate */ = {
			isa = PBXGroup;
			children = (
				5B2105A82D185BD3005B9596 /* main.m */,
				5B21056E2D185B10005B9596 /* DCAppDelegate.h */,
				5B21056F2D185B10005B9596 /* DCAppDelegate.m */,
			);
			path = Delegate;
			sourceTree = "<group>";
		};
		5B2105702D185B10005B9596 /* View controllers */ = {
			isa = PBXGroup;
			children = (
				5B2105712D185B10005B9596 /* Base view controller */,
				5B2105742D185B10005B9596 /* Chat View */,
				5B2105772D185B10005B9596 /* Guild, channel and menu */,
				5B21057E2D185B10005B9596 /* Image viewer */,
				5B2105812D185B10005B9596 /* Info page */,
				5B2105842D185B10005B9596 /* Profile and channel info views */,
				5B2105892D185B10005B9596 /* Settings */,
				5B21058C2D185B10005B9596 /* Welcome and login */,
			);
			path = "View controllers";
			sourceTree = "<group>";
		};
		5B2105712D185B10005B9596 /* Base view controller */ = {
			isa = PBXGroup;
			children = (
				5B2105722D185B10005B9596 /* DCViewController.h */,
				5B2105732D185B10005B9596 /* DCViewController.m */,
			);
			path = "Base view controller";
			sourceTree = "<group>";
		};
		5B2105742D185B10005B9596 /* Chat View */ = {
			isa = PBXGroup;
			children = (
				5B2105752D185B10005B9596 /* DCChatViewController.h */,
				5B2105762D185B10005B9596 /* DCChatViewController.m */,
			);
			path = "Chat View";
			sourceTree = "<group>";
		};
		5B2105772D185B10005B9596 /* Guild, channel and menu */ = {
			isa = PBXGroup;
			children = (
				5B2105782D185B10005B9596 /* DCChannelListViewController.h */,
				5B2105792D185B10005B9596 /* DCChannelListViewController.m */,
				5B21057A2D185B10005B9596 /* DCGuildListViewController.h */,
				5B21057B2D185B10005B9596 /* DCGuildListViewController.m */,
				5B21057C2D185B10005B9596 /* DCMenuViewController.h */,
				5B21057D2D185B10005B9596 /* DCMenuViewController.m */,
			);
			path = "Guild, channel and menu";
			sourceTree = "<group>";
		};
		5B21057E2D185B10005B9596 /* Image viewer */ = {
			isa = PBXGroup;
			children = (
				5B21057F2D185B10005B9596 /* DCImageViewController.h */,
				5B2105802D185B10005B9596 /* DCImageViewController.m */,
			);
			path = "Image viewer";
			sourceTree = "<group>";
		};
		5B2105812D185B10005B9596 /* Info page */ = {
			isa = PBXGroup;
			children = (
				5B2105822D185B10005B9596 /* DCInfoPageViewController.h */,
				5B2105832D185B10005B9596 /* DCInfoPageViewController.m */,
			);
			path = "Info page";
			sourceTree = "<group>";
		};
		5B2105842D185B10005B9596 /* Profile and channel info views */ = {
			isa = PBXGroup;
			children = (
				5B2105852D185B10005B9596 /* DCCInfoViewController.h */,
				5B2105862D185B10005B9596 /* DCCInfoViewController.m */,
				5B2105872D185B10005B9596 /* DCContactViewController.h */,
				5B2105882D185B10005B9596 /* DCContactViewController.m */,
			);
			path = "Profile and channel info views";
			sourceTree = "<group>";
		};
		5B2105892D185B10005B9596 /* Settings */ = {
			isa = PBXGroup;
			children = (
				5B21058A2D185B10005B9596 /* DCSettingsViewController.h */,
				5B21058B2D185B10005B9596 /* DCSettingsViewController.m */,
			);
			path = Settings;
			sourceTree = "<group>";
		};
		5B21058C2D185B10005B9596 /* Welcome and login */ = {
			isa = PBXGroup;
			children = (
				5B21058D2D185B10005B9596 /* DCIntroductionPage.h */,
				5B21058E2D185B10005B9596 /* DCIntroductionPage.m */,
				5B21058F2D185B10005B9596 /* DCWelcomeController.h */,
				5B2105902D185B10005B9596 /* DCWelcomeController.m */,
			);
			path = "Welcome and login";
			sourceTree = "<group>";
		};
		5B2105B72D18642A005B9596 /* Missed Call */ = {
			isa = PBXGroup;
			children = (
				5B2105B82D186431005B9596 /* TestCallEmbed.png */,
			);
			path = "Missed Call";
			sourceTree = "<group>";
		};
		5B2105BA2D1896EA005B9596 /* Test */ = {
			isa = PBXGroup;
			children = (
				5B2105BB2D1896F7005B9596 /* Sample */,
			);
			path = Test;
			sourceTree = "<group>";
		};
		5B3890DE2D1C7A05002D3BBE /* Profile Page */ = {
			isa = PBXGroup;
			children = (
				5B3890DF2D1C7A11002D3BBE /* pfpOverlay.png */,
				5B3890E02D1C7A11002D3BBE /* pfpOverlay@2x.png */,
			);
			path = "Profile Page";
			sourceTree = "<group>";
		};
		5BAE84282D1C849E00C021F9 /* UIColor+Hex */ = {
			isa = PBXGroup;
			children = (
				5BAE84292D1C84AE00C021F9 /* UIColorHex.h */,
				5BAE842A2D1C84AE00C021F9 /* UIColorHex.m */,
			);
			path = "UIColor+Hex";
			sourceTree = "<group>";
		};
		5BB5D7402D195B0C00C54C0A /* Guild Cell */ = {
			isa = PBXGroup;
			children = (
				5B3890DC2D1C54D8002D3BBE /* GuildIconBaseSelected.png */,
				5B3890DA2D1C53CB002D3BBE /* GuildIconBase.png */,
				5BB5D7412D195B3400C54C0A /* newMessages.png */,
				5BB5D7422D195B3400C54C0A /* newMessages@2x.png */,
				5BB5D7342D19545B00C54C0A /* privateGuildLogo.png */,
				5BB5D7352D19545B00C54C0A /* privateGuildLogo@2x.png */,
			);
			path = "Guild Cell";
			sourceTree = "<group>";
		};
/* End PBXGroup section */

/* Begin PBXNativeTarget section */
		09C6B91F204A0F54007EAC26 /* Discord */ = {
			isa = PBXNativeTarget;
			buildConfigurationList = 09C6B956204A0F55007EAC26 /* Build configuration list for PBXNativeTarget "Discord" */;
			buildPhases = (
				09C6B91C204A0F54007EAC26 /* Sources */,
				09C6B91D204A0F54007EAC26 /* Frameworks */,
				09C6B91E204A0F54007EAC26 /* Resources */,
				099DA439218A990D009DA3B5 /* ShellScript */,
				50524F424C454D533F /* ShellScript */,
			);
			buildRules = (
			);
			dependencies = (
			);
			name = Discord;
			productName = "Discord Classic";
			productReference = 5BB5D72F2D19529800C54C0A /* Discord.app */;
			productType = "com.apple.product-type.application";
		};
/* End PBXNativeTarget section */

/* Begin PBXProject section */
		09C6B917204A0F54007EAC26 /* Project object */ = {
			isa = PBXProject;
			attributes = {
				CLASSPREFIX = DC;
				LastUpgradeCheck = 0510;
				ORGANIZATIONNAME = bag.xml;
			};
			buildConfigurationList = 09C6B91A204A0F54007EAC26 /* Build configuration list for PBXProject "Discord Classic" */;
			compatibilityVersion = "Xcode 3.2";
			developmentRegion = English;
			hasScannedForEncodings = 0;
			knownRegions = (
				en,
			);
			mainGroup = 09C6B915204A0F54007EAC26;
			productRefGroup = 09C6B915204A0F54007EAC26;
			projectDirPath = "";
			projectRoot = "";
			targets = (
				09C6B91F204A0F54007EAC26 /* Discord */,
			);
		};
/* End PBXProject section */

/* Begin PBXResourcesBuildPhase section */
		09C6B91E204A0F54007EAC26 /* Resources */ = {
			isa = PBXResourcesBuildPhase;
			buildActionMask = 2147483647;
			files = (
				5B21051D2D1856E5005B9596 /* BarButton@2x.png in Resources */,
				5B3890DD2D1C54D8002D3BBE /* GuildIconBaseSelected.png in Resources */,
				5B2105182D1856E5005B9596 /* Send.png in Resources */,
				5B3890E12D1C7A11002D3BBE /* pfpOverlay.png in Resources */,
				5B2104A72D185409005B9596 /* FontAwesome.ttf in Resources */,
				5BB5D7372D19545B00C54C0A /* privateGuildLogo@2x.png in Resources */,
				5B21054C2D1856E5005B9596 /* TbarBG@2x.png in Resources */,
				5B2105392D1856E5005B9596 /* TopLogo@2x.png in Resources */,
				5B21051F2D1856E5005B9596 /* BarButtonPressed@2x.png in Resources */,
				5B2105AB2D185CDC005B9596 /* iOS-7.storyboard in Resources */,
				5B2104BD2D1856A7005B9596 /* DCChatVideoAttachment.xib in Resources */,
				5B21052D2D1856E5005B9596 /* DefaultAvatar4@2x.png in Resources */,
				5B21053C2D1856E5005B9596 /* PLVideoOverlayPlayDown.png in Resources */,
				5B2105252D1856E5005B9596 /* DefaultAvatar0@2x.png in Resources */,
				5BB5D73A2D1956F700C54C0A /* bannerTopShadow.png in Resources */,
				5B21054F2D1856E5005B9596 /* Video-play-button.png in Resources */,
				5B21053B2D1856E5005B9596 /* PLVideoOverlayPlay@2x.png in Resources */,
				5B2105B92D186432005B9596 /* TestCallEmbed.png in Resources */,
				5B21050D2D1856E5005B9596 /* Border.png in Resources */,
				5BB5D73F2D19582700C54C0A /* bannerBottomShadow@2x.png in Resources */,
				5B2105282D1856E5005B9596 /* DefaultAvatar2.png in Resources */,
				5B2105122D1856E5005B9596 /* addbarglyph@2x.png in Resources */,
				5BB5D7432D195B3400C54C0A /* newMessages.png in Resources */,
				5B2105242D1856E5005B9596 /* DefaultAvatar0.png in Resources */,
				5B21054B2D1856E5005B9596 /* TbarBG.png in Resources */,
				5B21051B2D1856E5005B9596 /* Sidebar_glyph@2x.png in Resources */,
				5B21053F2D1856E5005B9596 /* DirectMessages.png in Resources */,
				5B3890DB2D1C53CB002D3BBE /* GuildIconBase.png in Resources */,
				5BB5D73E2D19582700C54C0A /* bannerBottomShadow.png in Resources */,
				5B21050E2D1856E5005B9596 /* Border@2x.png in Resources */,
				5B21052E2D1856E5005B9596 /* DefaultAvatar5.png in Resources */,
				5B21052F2D1856E5005B9596 /* DefaultAvatar5@2x.png in Resources */,
				5B2105132D1856E5005B9596 /* CBarButtonMap.png in Resources */,
				5B2105312D1856E5005B9596 /* border.png in Resources */,
				5B2105102D1856E5005B9596 /* No-Header@2x.png in Resources */,
				5B2105202D1856E5005B9596 /* NavigationButton.png in Resources */,
				5B2105462D1856E5005B9596 /* DescIntroducer.png in Resources */,
				5B2105372D1856E5005B9596 /* ServerBanner.png in Resources */,
				5B2105322D1856E5005B9596 /* DirectMessages.png in Resources */,
				5B21051C2D1856E5005B9596 /* BarButton.png in Resources */,
				5B2104B42D185680005B9596 /* Storyboard.storyboard in Resources */,
				5B2105192D1856E5005B9596 /* Send@2x.png in Resources */,
				5B2105212D1856E5005B9596 /* NavigationButton@2x.png in Resources */,
				5B21047C2D185402005B9596 /* Settings.bundle in Resources */,
				5B2105522D18570D005B9596 /* Contactback.PNG in Resources */,
				5B2105472D1856E5005B9596 /* DescIntroducer@2x.png in Resources */,
				5B2105142D1856E5005B9596 /* CBarButtonMap@2x.png in Resources */,
				5B2105352D1856E5005B9596 /* menu@2x.png in Resources */,
				5B21053A2D1856E5005B9596 /* PLVideoOverlayPlay.png in Resources */,
				5B21050F2D1856E5005B9596 /* No-header.png in Resources */,
				5B21052A2D1856E5005B9596 /* DefaultAvatar3.png in Resources */,
				5B21054D2D1856E5005B9596 /* ToolbarBG.png in Resources */,
				5B2105BC2D1896F7005B9596 /* Sample in Resources */,
				5B2104A92D18540A005B9596 /* emoji.json in Resources */,
				5B2104BB2D1856A7005B9596 /* DCChatReplyTableCell.xib in Resources */,
				5B2105382D1856E5005B9596 /* TopLogo.png in Resources */,
				5B2104BC2D1856A7005B9596 /* DCChatTableCell.xib in Resources */,
				5B21053D2D1856E5005B9596 /* PLVideoOverlayPlayDown@2x.png in Resources */,
				5B2105592D185794005B9596 /* Info.plist in Resources */,
				5B21053E2D1856E5005B9596 /* reply.png in Resources */,
				5B2105112D1856E5005B9596 /* addbarglyph.png in Resources */,
				5B21052C2D1856E5005B9596 /* DefaultAvatar4.png in Resources */,
				5B2105552D185735005B9596 /* Images.xcassets in Resources */,
				5BB5D73B2D1956F700C54C0A /* bannerTopShadow@2x.png in Resources */,
				5B2105222D1856E5005B9596 /* NavigationButtonPressed.png in Resources */,
				5B2105162D1856E5005B9596 /* preferences.png in Resources */,
				5B2105172D1856E5005B9596 /* preferences@2x.png in Resources */,
				5B2105332D1856E5005B9596 /* DirectMessages@2x.png in Resources */,
				5B2105412D1856E5005B9596 /* bag-xml.png in Resources */,
				5B3890E22D1C7A11002D3BBE /* pfpOverlay@2x.png in Resources */,
				5B2104BA2D1856A7005B9596 /* DCChatGroupedTableCell.xib in Resources */,
				5B2105342D1856E5005B9596 /* menu.png in Resources */,
				5BB5D7362D19545B00C54C0A /* privateGuildLogo.png in Resources */,
				5B21051E2D1856E5005B9596 /* BarButtonPressed.png in Resources */,
				5B2105502D1856E5005B9596 /* Video-play-button@2x.png in Resources */,
				5B2105492D1856E5005B9596 /* WelcomeBanner.png in Resources */,
				5B2105362D1856E5005B9596 /* Sar izmeli Mehmet Aa.mp3 in Resources */,
				5B2105422D1856E5005B9596 /* commandbar-bg.png in Resources */,
				5BB5D7442D195B3400C54C0A /* newMessages@2x.png in Resources */,
				5B21052B2D1856E5005B9596 /* DefaultAvatar3@2x.png in Resources */,
				5B21054A2D1856E5005B9596 /* separator.png in Resources */,
				5B2105482D1856E5005B9596 /* Discord.png in Resources */,
				5B2105402D1856E5005B9596 /* DirectMessages@2x.png in Resources */,
				5B2105B62D1861DE005B9596 /* DCMissedCallCell.xib in Resources */,
				5B2105302D1856E5005B9596 /* Default-568h@2x.png in Resources */,
				5B2105292D1856E5005B9596 /* DefaultAvatar2@2x.png in Resources */,
				5B2105272D1856E5005B9596 /* DefaultAvatar1@2x.png in Resources */,
				5B2105432D1856E5005B9596 /* commandbar-bg@2x.png in Resources */,
				5B2105232D1856E5005B9596 /* NavigationButtonPressed@2x.png in Resources */,
				5B2105452D1856E5005B9596 /* ContactsBar@2x.png in Resources */,
				5B21051A2D1856E5005B9596 /* Sidebar_glyph.png in Resources */,
				5B21054E2D1856E5005B9596 /* ToolbarBG@2x.png in Resources */,
				5B2105442D1856E5005B9596 /* ContactsBar.png in Resources */,
				5B2105152D1856E5005B9596 /* Home@2x.png in Resources */,
				5B2105262D1856E5005B9596 /* DefaultAvatar1.png in Resources */,
			);
			runOnlyForDeploymentPostprocessing = 0;
		};
/* End PBXResourcesBuildPhase section */

/* Begin PBXShellScriptBuildPhase section */
		099DA439218A990D009DA3B5 /* ShellScript */ = {
			isa = PBXShellScriptBuildPhase;
			buildActionMask = 12;
			files = (
			);
			inputPaths = (
			);
			outputPaths = (
			);
			runOnlyForDeploymentPostprocessing = 0;
			shellPath = /bin/sh;
			shellScript = "";
		};
		50524F424C454D533F /* ShellScript */ = {
			isa = PBXShellScriptBuildPhase;
			buildActionMask = 2147483647;
			files = (
			);
			inputPaths = (
			);
			outputPaths = (
			);
			runOnlyForDeploymentPostprocessing = 0;
			shellPath = /bin/sh;
			shellScript = "export CODESIGN_ALLOCATE=/Library/JailCoder/codesign_allocate\nif [ \"${PLATFORM_NAME}\" == \"iphoneos\" ]; then\n/Library/JailCoder/Entitlements/Entitlements.py \"my.company.${PROJECT_NAME}\" \"${BUILT_PRODUCTS_DIR}/${WRAPPER_NAME}/${PROJECT_NAME}.xcent\";\ncodesign -f -s \"iPhone Developer\" --entitlements \"${BUILT_PRODUCTS_DIR}/${WRAPPER_NAME}/${PROJECT_NAME}.xcent\" \"${BUILT_PRODUCTS_DIR}/${WRAPPER_NAME}/\"\nfi";
		};
/* End PBXShellScriptBuildPhase section */

/* Begin PBXSourcesBuildPhase section */
		09C6B91C204A0F54007EAC26 /* Sources */ = {
			isa = PBXSourcesBuildPhase;
			buildActionMask = 2147483647;
			files = (
				5B2105942D185B10005B9596 /* DCServerCommunicator.m in Sources */,
				5B2105A12D185B10005B9596 /* DCCInfoViewController.m in Sources */,
				5B2104AA2D18540A005B9596 /* NSString+Emojize.m in Sources */,
				5B2104AF2D18540A005B9596 /* WSMessage.m in Sources */,
				5B21059F2D185B10005B9596 /* DCImageViewController.m in Sources */,
				5B2105A92D185BD3005B9596 /* main.m in Sources */,
				5B21059D2D185B10005B9596 /* DCGuildListViewController.m in Sources */,
				5B2105BF2D18B498005B9596 /* DCRecipientTableCell.m in Sources */,
				5B2105932D185B10005B9596 /* DCMessage.m in Sources */,
				5B2104A52D185409005B9596 /* BButton.m in Sources */,
				5B2105922D185B10005B9596 /* DCGuild.m in Sources */,
				5BB5D7472D195E6400C54C0A /* DCChannelViewCell.m in Sources */,
				5B2104A62D185409005B9596 /* NSString+FontAwesome.m in Sources */,
				5B2104AB2D18540A005B9596 /* UIImage+animatedGIF.m in Sources */,
				5B2104AD2D18540A005B9596 /* NSString+Base64.m in Sources */,
				5B2105A32D185B10005B9596 /* DCSettingsViewController.m in Sources */,
				5B2105962D185B10005B9596 /* DCUser.m in Sources */,
				5B2104B12D18540A005B9596 /* WSWebSocket.m in Sources */,
				5B2105A22D185B10005B9596 /* DCContactViewController.m in Sources */,
				5B2105992D185B10005B9596 /* DCAppDelegate.m in Sources */,
				5B21059E2D185B10005B9596 /* DCMenuViewController.m in Sources */,
				5B2105982D185B10005B9596 /* DCChatVideoAttachment.m in Sources */,
				5B21059C2D185B10005B9596 /* DCChannelListViewController.m in Sources */,
				5BAE842B2D1C84AE00C021F9 /* UIColorHex.m in Sources */,
				5B21059A2D185B10005B9596 /* DCViewController.m in Sources */,
				5B2105972D185B10005B9596 /* DCChatTableCell.m in Sources */,
				5B2105C22D18C116005B9596 /* DCGuildTableViewCell.m in Sources */,
				5B2104AC2D18540A005B9596 /* TRMalleableFrameView.m in Sources */,
				5B2105A52D185B10005B9596 /* DCWelcomeController.m in Sources */,
				5B2105A02D185B10005B9596 /* DCInfoPageViewController.m in Sources */,
				5B2105912D185B10005B9596 /* DCChannel.m in Sources */,
				5B2105952D185B10005B9596 /* DCTools.m in Sources */,
				5B2104B02D18540A005B9596 /* WSMessageProcessor.m in Sources */,
				5B2104A82D185409005B9596 /* UIColor+BButton.m in Sources */,
				5B2104A42D185409005B9596 /* APLSlideMenuViewController.m in Sources */,
				5B2104AE2D18540A005B9596 /* WSFrame.m in Sources */,
				5B2104A32D185409005B9596 /* APLSlideMenuSegue.m in Sources */,
				5B2105A42D185B10005B9596 /* DCIntroductionPage.m in Sources */,
				5B21059B2D185B10005B9596 /* DCChatViewController.m in Sources */,
			);
			runOnlyForDeploymentPostprocessing = 0;
		};
/* End PBXSourcesBuildPhase section */

/* Begin XCBuildConfiguration section */
		09C6B954204A0F55007EAC26 /* Debug */ = {
			isa = XCBuildConfiguration;
			buildSettings = {
				ALWAYS_SEARCH_USER_PATHS = NO;
				ARCHS = "$(ARCHS_STANDARD_32_BIT)";
				CLANG_CXX_LANGUAGE_STANDARD = "gnu++0x";
				CLANG_ENABLE_OBJC_ARC = YES;
				CLANG_WARN__DUPLICATE_METHOD_MATCH = YES;
				CODE_SIGN_IDENTITY = "";
				"CODE_SIGN_IDENTITY[sdk=iphoneos*]" = "";
				COPY_PHASE_STRIP = NO;
				GCC_C_LANGUAGE_STANDARD = gnu99;
				GCC_DYNAMIC_NO_PIC = NO;
				GCC_OPTIMIZATION_LEVEL = 0;
				GCC_PREPROCESSOR_DEFINITIONS = (
					"DEBUG=1",
					"$(inherited)",
				);
				GCC_SYMBOLS_PRIVATE_EXTERN = NO;
				GCC_VERSION = com.apple.compilers.llvm.clang.1_0;
				GCC_WARN_ABOUT_RETURN_TYPE = YES;
				GCC_WARN_UNINITIALIZED_AUTOS = YES;
				GCC_WARN_UNUSED_VARIABLE = YES;
				IPHONEOS_DEPLOYMENT_TARGET = 5.0;
				ONLY_ACTIVE_ARCH = YES;
				SDKROOT = iphoneos6.1;
				TARGETED_DEVICE_FAMILY = "1,2";
				VALID_ARCHS = "";
			};
			name = Debug;
		};
		09C6B955204A0F55007EAC26 /* Release */ = {
			isa = XCBuildConfiguration;
			buildSettings = {
				ALWAYS_SEARCH_USER_PATHS = NO;
				ARCHS = "$(ARCHS_STANDARD_32_BIT)";
				CLANG_CXX_LANGUAGE_STANDARD = "gnu++0x";
				CLANG_ENABLE_OBJC_ARC = YES;
				CLANG_WARN__DUPLICATE_METHOD_MATCH = YES;
				CODE_SIGN_IDENTITY = "";
				"CODE_SIGN_IDENTITY[sdk=iphoneos*]" = "";
				COPY_PHASE_STRIP = YES;
				GCC_C_LANGUAGE_STANDARD = gnu99;
				GCC_VERSION = com.apple.compilers.llvm.clang.1_0;
				GCC_WARN_ABOUT_RETURN_TYPE = YES;
				GCC_WARN_UNINITIALIZED_AUTOS = YES;
				GCC_WARN_UNUSED_VARIABLE = YES;
				IPHONEOS_DEPLOYMENT_TARGET = 5.0;
				OTHER_CFLAGS = "-DNS_BLOCK_ASSERTIONS=1";
				SDKROOT = iphoneos6.1;
				TARGETED_DEVICE_FAMILY = "1,2";
				VALIDATE_PRODUCT = YES;
				VALID_ARCHS = "";
			};
			name = Release;
		};
		09C6B957204A0F55007EAC26 /* Debug */ = {
			isa = XCBuildConfiguration;
			buildSettings = {
				ARCHS = "$(ARCHS_STANDARD_32_BIT)";
				ASSETCATALOG_COMPILER_APPICON_NAME = AppIcon;
				ASSETCATALOG_COMPILER_LAUNCHIMAGE_NAME = LaunchImage;
				CLANG_WARN_OBJCPP_ARC_ABI = YES;
				CODE_SIGN_IDENTITY = "";
				"CODE_SIGN_IDENTITY[sdk=iphoneos*]" = "";
				COMPRESS_PNG_FILES = YES;
				GCC_PRECOMPILE_PREFIX_HEADER = YES;
				GCC_PREFIX_HEADER = "Discord Classic/Discord Classic-Prefix.pch";
				HEADER_SEARCH_PATHS = (
					"$(inherited)",
					/Applications/Xcode.app/Contents/Developer/Toolchains/XcodeDefault.xctoolchain/usr/include,
					$SOURCE_ROOT/SDURLCache,
				);
				INFOPLIST_FILE = Assets/Plists/Info.plist;
				IPHONEOS_DEPLOYMENT_TARGET = 5.0;
				PRODUCT_NAME = "$(TARGET_NAME)";
				SDKROOT = iphoneos6.1;
				SUPPORTED_PLATFORMS = "iphonesimulator iphoneos";
				TARGETED_DEVICE_FAMILY = "1,2";
				VALID_ARCHS = "armv7 armv7s";
				WRAPPER_EXTENSION = app;
			};
			name = Debug;
		};
		09C6B958204A0F55007EAC26 /* Release */ = {
			isa = XCBuildConfiguration;
			buildSettings = {
				ARCHS = "$(ARCHS_STANDARD_32_BIT)";
				ASSETCATALOG_COMPILER_APPICON_NAME = AppIcon;
				ASSETCATALOG_COMPILER_LAUNCHIMAGE_NAME = LaunchImage;
				CLANG_WARN_OBJCPP_ARC_ABI = YES;
				CODE_SIGN_IDENTITY = "";
				"CODE_SIGN_IDENTITY[sdk=iphoneos*]" = "";
				COMPRESS_PNG_FILES = YES;
				GCC_PRECOMPILE_PREFIX_HEADER = YES;
				GCC_PREFIX_HEADER = "Discord Classic/Discord Classic-Prefix.pch";
				HEADER_SEARCH_PATHS = (
					"$(inherited)",
					/Applications/Xcode.app/Contents/Developer/Toolchains/XcodeDefault.xctoolchain/usr/include,
					$SOURCE_ROOT/SDURLCache,
				);
				INFOPLIST_FILE = Assets/Plists/Info.plist;
				IPHONEOS_DEPLOYMENT_TARGET = 5.0;
				PRODUCT_NAME = "$(TARGET_NAME)";
				SDKROOT = iphoneos6.1;
				SUPPORTED_PLATFORMS = "iphonesimulator iphoneos";
				TARGETED_DEVICE_FAMILY = "1,2";
				VALID_ARCHS = "armv7 armv7s";
				WRAPPER_EXTENSION = app;
			};
			name = Release;
		};
/* End XCBuildConfiguration section */

/* Begin XCConfigurationList section */
		09C6B91A204A0F54007EAC26 /* Build configuration list for PBXProject "Discord Classic" */ = {
			isa = XCConfigurationList;
			buildConfigurations = (
				09C6B954204A0F55007EAC26 /* Debug */,
				09C6B955204A0F55007EAC26 /* Release */,
			);
			defaultConfigurationIsVisible = 0;
			defaultConfigurationName = Release;
		};
		09C6B956204A0F55007EAC26 /* Build configuration list for PBXNativeTarget "Discord" */ = {
			isa = XCConfigurationList;
			buildConfigurations = (
				09C6B957204A0F55007EAC26 /* Debug */,
				09C6B958204A0F55007EAC26 /* Release */,
			);
			defaultConfigurationIsVisible = 0;
			defaultConfigurationName = Release;
		};
/* End XCConfigurationList section */
	};
	rootObject = 09C6B917204A0F54007EAC26 /* Project object */;
}
